// !$*UTF8*$!
{
	archiveVersion = 1;
	classes = {
	};
	objectVersion = 46;
	objects = {

/* Begin PBXBuildFile section */
		04F4CC29F5A78A945E7AB590 /* Pods_test.framework in Frameworks */ = {isa = PBXBuildFile; fileRef = B90FD4554ABBBEC1956C340E /* Pods_test.framework */; };
		DB23B0261F19CEA400518A43 /* 105-2牙醫學(六).json in Resources */ = {isa = PBXBuildFile; fileRef = DB23B0251F19CEA400518A43 /* 105-2牙醫學(六).json */; };
		DB23B0281F19ED4F00518A43 /* 104-2牙醫學(六).json in Resources */ = {isa = PBXBuildFile; fileRef = DB23B0271F19ED4F00518A43 /* 104-2牙醫學(六).json */; };
		DB23B02C1F19F19300518A43 /* 104-1牙醫學(六).json in Resources */ = {isa = PBXBuildFile; fileRef = DB23B02B1F19F19300518A43 /* 104-1牙醫學(六).json */; };
		DB23B02E1F19F1B100518A43 /* 103-1牙醫學(六).json in Resources */ = {isa = PBXBuildFile; fileRef = DB23B02D1F19F1B100518A43 /* 103-1牙醫學(六).json */; };
		DB23B0301F19F1C700518A43 /* 103-2牙醫學(六).json in Resources */ = {isa = PBXBuildFile; fileRef = DB23B02F1F19F1C700518A43 /* 103-2牙醫學(六).json */; };
		DB23B0331F1A193800518A43 /* 缺題題號 in Resources */ = {isa = PBXBuildFile; fileRef = DB23B0321F1A193800518A43 /* 缺題題號 */; };
		DB23B0351F1A21DA00518A43 /* 102-2牙醫學(六).json in Resources */ = {isa = PBXBuildFile; fileRef = DB23B0341F1A21DA00518A43 /* 102-2牙醫學(六).json */; };
		DB6995E71F02ED7B0093F955 /* AppDelegate.swift in Sources */ = {isa = PBXBuildFile; fileRef = DB6995E61F02ED7A0093F955 /* AppDelegate.swift */; };
		DB6995E91F02ED7B0093F955 /* ViewController.swift in Sources */ = {isa = PBXBuildFile; fileRef = DB6995E81F02ED7B0093F955 /* ViewController.swift */; };
		DB6995EC1F02ED7B0093F955 /* Main.storyboard in Resources */ = {isa = PBXBuildFile; fileRef = DB6995EA1F02ED7B0093F955 /* Main.storyboard */; };
		DB6995EE1F02ED7B0093F955 /* Assets.xcassets in Resources */ = {isa = PBXBuildFile; fileRef = DB6995ED1F02ED7B0093F955 /* Assets.xcassets */; };
		DB6995F11F02ED7B0093F955 /* LaunchScreen.storyboard in Resources */ = {isa = PBXBuildFile; fileRef = DB6995EF1F02ED7B0093F955 /* LaunchScreen.storyboard */; };
		DB6995F91F02EFA30093F955 /* inVC.swift in Sources */ = {isa = PBXBuildFile; fileRef = DB6995F81F02EFA30093F955 /* inVC.swift */; };
		DB6995FB1F02F0550093F955 /* MainNavigationController.swift in Sources */ = {isa = PBXBuildFile; fileRef = DB6995FA1F02F0550093F955 /* MainNavigationController.swift */; };
		DB6995FD1F02F39E0093F955 /* gameStartVC.swift in Sources */ = {isa = PBXBuildFile; fileRef = DB6995FC1F02F39E0093F955 /* gameStartVC.swift */; };
		DBAC62411F1A27930046A82A /* 102-1牙醫學(六).json in Resources */ = {isa = PBXBuildFile; fileRef = DBAC62401F1A27930046A82A /* 102-1牙醫學(六).json */; };
		DBAC62431F1A69E90046A82A /* 106-1牙醫學(五).json in Resources */ = {isa = PBXBuildFile; fileRef = DBAC62421F1A69E90046A82A /* 106-1牙醫學(五).json */; };
		DBAC62451F1A72850046A82A /* 106-1牙醫學(四).json in Resources */ = {isa = PBXBuildFile; fileRef = DBAC62441F1A72850046A82A /* 106-1牙醫學(四).json */; };
		DBAC62471F1A73030046A82A /* 106-1牙醫學(三).json in Resources */ = {isa = PBXBuildFile; fileRef = DBAC62461F1A73030046A82A /* 106-1牙醫學(三).json */; };
		DBAC62491F1A731F0046A82A /* 106-1牙醫學(二).json in Resources */ = {isa = PBXBuildFile; fileRef = DBAC62481F1A731F0046A82A /* 106-1牙醫學(二).json */; };
		DBAC624B1F1A73350046A82A /* 106-1牙醫學(ㄧ).json in Resources */ = {isa = PBXBuildFile; fileRef = DBAC624A1F1A73350046A82A /* 106-1牙醫學(ㄧ).json */; };
		DBAC624D1F1A863C0046A82A /* 105-2牙醫學(五).json in Resources */ = {isa = PBXBuildFile; fileRef = DBAC624C1F1A863C0046A82A /* 105-2牙醫學(五).json */; };
		DBAC624F1F1A86980046A82A /* 105-2牙醫學(四).json in Resources */ = {isa = PBXBuildFile; fileRef = DBAC624E1F1A86980046A82A /* 105-2牙醫學(四).json */; };
		DBAC62511F1A88A80046A82A /* 105-2牙醫學(三).json in Resources */ = {isa = PBXBuildFile; fileRef = DBAC62501F1A88A80046A82A /* 105-2牙醫學(三).json */; };
		DBAC62531F1A88CE0046A82A /* 105-2牙醫學(二).json in Resources */ = {isa = PBXBuildFile; fileRef = DBAC62521F1A88CE0046A82A /* 105-2牙醫學(二).json */; };
		DBAC62551F1A88E60046A82A /* 105-2牙醫學(ㄧ).json in Resources */ = {isa = PBXBuildFile; fileRef = DBAC62541F1A88E60046A82A /* 105-2牙醫學(ㄧ).json */; };
		DBAC62571F1A890B0046A82A /* 105-1牙醫學(五).json in Resources */ = {isa = PBXBuildFile; fileRef = DBAC62561F1A890B0046A82A /* 105-1牙醫學(五).json */; };
		DBAC62591F1A89230046A82A /* 105-1牙醫學(四).json in Resources */ = {isa = PBXBuildFile; fileRef = DBAC62581F1A89230046A82A /* 105-1牙醫學(四).json */; };
		DBAC625B1F1A89400046A82A /* 105-1牙醫學(三).json in Resources */ = {isa = PBXBuildFile; fileRef = DBAC625A1F1A89400046A82A /* 105-1牙醫學(三).json */; };
		DBAC625D1F1A89520046A82A /* 105-1牙醫學(二).json in Resources */ = {isa = PBXBuildFile; fileRef = DBAC625C1F1A89520046A82A /* 105-1牙醫學(二).json */; };
		DBAC625F1F1A89720046A82A /* 105-1牙醫學(ㄧ).json in Resources */ = {isa = PBXBuildFile; fileRef = DBAC625E1F1A89720046A82A /* 105-1牙醫學(ㄧ).json */; };
		DBFA5C041F1BC87A00B98B00 /* 104-1牙醫學(五).json in Resources */ = {isa = PBXBuildFile; fileRef = DBFA5C031F1BC87A00B98B00 /* 104-1牙醫學(五).json */; };
		DBFA5C061F1BCA7E00B98B00 /* 104-1牙醫學(四).json in Resources */ = {isa = PBXBuildFile; fileRef = DBFA5C051F1BCA7E00B98B00 /* 104-1牙醫學(四).json */; };
		DBFA5C081F1BCABE00B98B00 /* 104-1牙醫學(三).json in Resources */ = {isa = PBXBuildFile; fileRef = DBFA5C071F1BCABE00B98B00 /* 104-1牙醫學(三).json */; };
		DBFA5C0A1F1BCBEC00B98B00 /* 104-1牙醫學(二).json in Resources */ = {isa = PBXBuildFile; fileRef = DBFA5C091F1BCBEB00B98B00 /* 104-1牙醫學(二).json */; };
		DBFA5C0C1F1BCF7500B98B00 /* 104-1牙醫學(一).json in Resources */ = {isa = PBXBuildFile; fileRef = DBFA5C0B1F1BCF7500B98B00 /* 104-1牙醫學(一).json */; };
		DBFA5C0E1F1BCF8800B98B00 /* 104-2牙醫學(五).json in Resources */ = {isa = PBXBuildFile; fileRef = DBFA5C0D1F1BCF8800B98B00 /* 104-2牙醫學(五).json */; };
		DBFA5C101F1BCFA900B98B00 /* 104-2牙醫學(四).json in Resources */ = {isa = PBXBuildFile; fileRef = DBFA5C0F1F1BCFA900B98B00 /* 104-2牙醫學(四).json */; };
		DBFA5C121F1BD17600B98B00 /* 104-2牙醫學(三).json in Resources */ = {isa = PBXBuildFile; fileRef = DBFA5C111F1BD17600B98B00 /* 104-2牙醫學(三).json */; };
		DBFA5C141F1BD1A000B98B00 /* 104-2牙醫學(二).json in Resources */ = {isa = PBXBuildFile; fileRef = DBFA5C131F1BD1A000B98B00 /* 104-2牙醫學(二).json */; };
		DBFA5C161F1BD1B200B98B00 /* 104-2牙醫學(一).json in Resources */ = {isa = PBXBuildFile; fileRef = DBFA5C151F1BD1B200B98B00 /* 104-2牙醫學(一).json */; };
		E92699B11F03E66100F671A9 /* data.json in Resources */ = {isa = PBXBuildFile; fileRef = DB6996001F0389520093F955 /* data.json */; };
		E94573781F1C687A00845C9C /* 103-2牙醫學(五).json in Resources */ = {isa = PBXBuildFile; fileRef = E94573771F1C687A00845C9C /* 103-2牙醫學(五).json */; };
		E945737A1F1C688E00845C9C /* 103-2牙醫學(四).json in Resources */ = {isa = PBXBuildFile; fileRef = E94573791F1C688E00845C9C /* 103-2牙醫學(四).json */; };
		E945737C1F1C689900845C9C /* 103-2牙醫學(三).json in Resources */ = {isa = PBXBuildFile; fileRef = E945737B1F1C689900845C9C /* 103-2牙醫學(三).json */; };
		E945737E1F1C68A500845C9C /* 103-2牙醫學(二).json in Resources */ = {isa = PBXBuildFile; fileRef = E945737D1F1C68A500845C9C /* 103-2牙醫學(二).json */; };
		E94573801F1C68AE00845C9C /* 103-2牙醫學(一).json in Resources */ = {isa = PBXBuildFile; fileRef = E945737F1F1C68AE00845C9C /* 103-2牙醫學(一).json */; };
		E94573821F1C68C000845C9C /* 103-1牙醫學(五).json in Resources */ = {isa = PBXBuildFile; fileRef = E94573811F1C68C000845C9C /* 103-1牙醫學(五).json */; };
		E94573841F1C68CC00845C9C /* 103-1牙醫學(四).json in Resources */ = {isa = PBXBuildFile; fileRef = E94573831F1C68CC00845C9C /* 103-1牙醫學(四).json */; };
		E94573861F1C68D500845C9C /* 103-1牙醫學(三).json in Resources */ = {isa = PBXBuildFile; fileRef = E94573851F1C68D500845C9C /* 103-1牙醫學(三).json */; };
		E94573881F1C68DF00845C9C /* 103-1牙醫學(二).json in Resources */ = {isa = PBXBuildFile; fileRef = E94573871F1C68DF00845C9C /* 103-1牙醫學(二).json */; };
		E945738A1F1C68E900845C9C /* 103-1牙醫學(一).json in Resources */ = {isa = PBXBuildFile; fileRef = E94573891F1C68E900845C9C /* 103-1牙醫學(一).json */; };
		E945738C1F1C690800845C9C /* 102-1牙醫學(五).json in Resources */ = {isa = PBXBuildFile; fileRef = E945738B1F1C690800845C9C /* 102-1牙醫學(五).json */; };
		E945738E1F1C691200845C9C /* 102-1牙醫學(四).json in Resources */ = {isa = PBXBuildFile; fileRef = E945738D1F1C691200845C9C /* 102-1牙醫學(四).json */; };
		E94573901F1C691C00845C9C /* 102-1牙醫學(三).json in Resources */ = {isa = PBXBuildFile; fileRef = E945738F1F1C691C00845C9C /* 102-1牙醫學(三).json */; };
		E94573921F1C692F00845C9C /* 102-1牙醫學(二).json in Resources */ = {isa = PBXBuildFile; fileRef = E94573911F1C692F00845C9C /* 102-1牙醫學(二).json */; };
		E94573941F1C693900845C9C /* 102-1牙醫學(一).json in Resources */ = {isa = PBXBuildFile; fileRef = E94573931F1C693900845C9C /* 102-1牙醫學(一).json */; };
		E94573961F1C694800845C9C /* 102-2牙醫學(五).json in Resources */ = {isa = PBXBuildFile; fileRef = E94573951F1C694800845C9C /* 102-2牙醫學(五).json */; };
		E94573981F1C695200845C9C /* 102-2牙醫學(四).json in Resources */ = {isa = PBXBuildFile; fileRef = E94573971F1C695200845C9C /* 102-2牙醫學(四).json */; };
		E945739A1F1C696100845C9C /* 102-2牙醫學(三).json in Resources */ = {isa = PBXBuildFile; fileRef = E94573991F1C696100845C9C /* 102-2牙醫學(三).json */; };
		E945739C1F1C696C00845C9C /* 102-2牙醫學(二).json in Resources */ = {isa = PBXBuildFile; fileRef = E945739B1F1C696C00845C9C /* 102-2牙醫學(二).json */; };
		E945739E1F1C697700845C9C /* 102-2牙醫學(一).json in Resources */ = {isa = PBXBuildFile; fileRef = E945739D1F1C697700845C9C /* 102-2牙醫學(一).json */; };
		E94573A11F1C69AF00845C9C /* 101-1牙醫學(六).json in Resources */ = {isa = PBXBuildFile; fileRef = E94573A01F1C69AF00845C9C /* 101-1牙醫學(六).json */; };
		E94573A31F1C69B700845C9C /* 101-1牙醫學(五).json in Resources */ = {isa = PBXBuildFile; fileRef = E94573A21F1C69B700845C9C /* 101-1牙醫學(五).json */; };
		E94573A51F1C69C100845C9C /* 101-1牙醫學(四).json in Resources */ = {isa = PBXBuildFile; fileRef = E94573A41F1C69C100845C9C /* 101-1牙醫學(四).json */; };
		E94573A71F1C69CB00845C9C /* 101-1牙醫學(三).json in Resources */ = {isa = PBXBuildFile; fileRef = E94573A61F1C69CB00845C9C /* 101-1牙醫學(三).json */; };
		E94573A91F1C69D500845C9C /* 101-1牙醫學(二).json in Resources */ = {isa = PBXBuildFile; fileRef = E94573A81F1C69D500845C9C /* 101-1牙醫學(二).json */; };
		E94573AB1F1C69DE00845C9C /* 101-1牙醫學(一).json in Resources */ = {isa = PBXBuildFile; fileRef = E94573AA1F1C69DE00845C9C /* 101-1牙醫學(一).json */; };
		E94573AD1F1C69E800845C9C /* 101-2牙醫學(六).json in Resources */ = {isa = PBXBuildFile; fileRef = E94573AC1F1C69E800845C9C /* 101-2牙醫學(六).json */; };
		E94573AF1F1C69FC00845C9C /* 101-2牙醫學(五).json in Resources */ = {isa = PBXBuildFile; fileRef = E94573AE1F1C69FC00845C9C /* 101-2牙醫學(五).json */; };
		E94573B11F1C6A0600845C9C /* 101-2牙醫學(四).json in Resources */ = {isa = PBXBuildFile; fileRef = E94573B01F1C6A0600845C9C /* 101-2牙醫學(四).json */; };
		E94573B31F1C6A1100845C9C /* 101-2牙醫學(三).json in Resources */ = {isa = PBXBuildFile; fileRef = E94573B21F1C6A1100845C9C /* 101-2牙醫學(三).json */; };
		E94573B51F1C6A1900845C9C /* 101-2牙醫學(二).json in Resources */ = {isa = PBXBuildFile; fileRef = E94573B41F1C6A1900845C9C /* 101-2牙醫學(二).json */; };
		E94573B71F1C6A2200845C9C /* 101-2牙醫學(一).json in Resources */ = {isa = PBXBuildFile; fileRef = E94573B61F1C6A2200845C9C /* 101-2牙醫學(一).json */; };
		E94573BB1F1C6B7A00845C9C /* 100-1牙醫學(一).json in Resources */ = {isa = PBXBuildFile; fileRef = E94573BA1F1C6B7A00845C9C /* 100-1牙醫學(一).json */; };
		E94573BD1F1C6B8700845C9C /* 100-1牙醫學(二).json in Resources */ = {isa = PBXBuildFile; fileRef = E94573BC1F1C6B8700845C9C /* 100-1牙醫學(二).json */; };
		E94573BF1F1C6B9700845C9C /* 100-1牙醫學(三).json in Resources */ = {isa = PBXBuildFile; fileRef = E94573BE1F1C6B9700845C9C /* 100-1牙醫學(三).json */; };
		E94573C11F1C6BA000845C9C /* 100-1牙醫學(四).json in Resources */ = {isa = PBXBuildFile; fileRef = E94573C01F1C6BA000845C9C /* 100-1牙醫學(四).json */; };
		E94573C31F1C6BAA00845C9C /* 100-1牙醫學(五).json in Resources */ = {isa = PBXBuildFile; fileRef = E94573C21F1C6BAA00845C9C /* 100-1牙醫學(五).json */; };
		E94573C51F1C6BB300845C9C /* 100-1牙醫學(六).json in Resources */ = {isa = PBXBuildFile; fileRef = E94573C41F1C6BB300845C9C /* 100-1牙醫學(六).json */; };
		E94573C71F1C6BBC00845C9C /* 100-2牙醫學(一).json in Resources */ = {isa = PBXBuildFile; fileRef = E94573C61F1C6BBC00845C9C /* 100-2牙醫學(一).json */; };
		E94573C91F1C6BCB00845C9C /* 100-2牙醫學(二).json in Resources */ = {isa = PBXBuildFile; fileRef = E94573C81F1C6BCB00845C9C /* 100-2牙醫學(二).json */; };
		E94573CB1F1C6BD900845C9C /* 100-2牙醫學(三).json in Resources */ = {isa = PBXBuildFile; fileRef = E94573CA1F1C6BD900845C9C /* 100-2牙醫學(三).json */; };
		E94573CD1F1C6BE200845C9C /* 100-2牙醫學(四).json in Resources */ = {isa = PBXBuildFile; fileRef = E94573CC1F1C6BE200845C9C /* 100-2牙醫學(四).json */; };
		E94573CF1F1C6BEF00845C9C /* 100-2牙醫學(五).json in Resources */ = {isa = PBXBuildFile; fileRef = E94573CE1F1C6BEF00845C9C /* 100-2牙醫學(五).json */; };
		E94573D11F1C6BFA00845C9C /* 100-2牙醫學(六).json in Resources */ = {isa = PBXBuildFile; fileRef = E94573D01F1C6BFA00845C9C /* 100-2牙醫學(六).json */; };
		E94573D41F1C6C6B00845C9C /* 99-1牙醫學(二).json in Resources */ = {isa = PBXBuildFile; fileRef = E94573D31F1C6C6B00845C9C /* 99-1牙醫學(二).json */; };
		E94573D61F1C6C8400845C9C /* 99-1牙醫學(一).json in Resources */ = {isa = PBXBuildFile; fileRef = E94573D51F1C6C8400845C9C /* 99-1牙醫學(一).json */; };
		E94573D81F1C6C9F00845C9C /* 99-1牙醫學(三).json in Resources */ = {isa = PBXBuildFile; fileRef = E94573D71F1C6C9F00845C9C /* 99-1牙醫學(三).json */; };
		E94573DA1F1C6CA800845C9C /* 99-1牙醫學(四).json in Resources */ = {isa = PBXBuildFile; fileRef = E94573D91F1C6CA800845C9C /* 99-1牙醫學(四).json */; };
		E94573DC1F1C6CB300845C9C /* 99-1牙醫學(五).json in Resources */ = {isa = PBXBuildFile; fileRef = E94573DB1F1C6CB200845C9C /* 99-1牙醫學(五).json */; };
		E94573DE1F1C6CBB00845C9C /* 99-1牙醫學(六).json in Resources */ = {isa = PBXBuildFile; fileRef = E94573DD1F1C6CBB00845C9C /* 99-1牙醫學(六).json */; };
		E94573E01F1C6CC900845C9C /* 99-2牙醫學(一).json in Resources */ = {isa = PBXBuildFile; fileRef = E94573DF1F1C6CC900845C9C /* 99-2牙醫學(一).json */; };
		E94573E21F1C6CD200845C9C /* 99-2牙醫學(二).json in Resources */ = {isa = PBXBuildFile; fileRef = E94573E11F1C6CD200845C9C /* 99-2牙醫學(二).json */; };
		E94573E41F1C6CDE00845C9C /* 99-2牙醫學(三).json in Resources */ = {isa = PBXBuildFile; fileRef = E94573E31F1C6CDE00845C9C /* 99-2牙醫學(三).json */; };
		E94573E61F1C6DD100845C9C /* 99-2牙醫學(四).json in Resources */ = {isa = PBXBuildFile; fileRef = E94573E51F1C6DD100845C9C /* 99-2牙醫學(四).json */; };
		E94573E81F1C6DE100845C9C /* 99-2牙醫學(五).json in Resources */ = {isa = PBXBuildFile; fileRef = E94573E71F1C6DE100845C9C /* 99-2牙醫學(五).json */; };
		E94573EA1F1C6DF600845C9C /* 99-2牙醫學(六).json in Resources */ = {isa = PBXBuildFile; fileRef = E94573E91F1C6DF600845C9C /* 99-2牙醫學(六).json */; };
		E94573ED1F1C6E3E00845C9C /* 98-1牙醫學(一).json in Resources */ = {isa = PBXBuildFile; fileRef = E94573EC1F1C6E3E00845C9C /* 98-1牙醫學(一).json */; };
		E94573EF1F1C6E4D00845C9C /* 98-1牙醫學(二).json in Resources */ = {isa = PBXBuildFile; fileRef = E94573EE1F1C6E4D00845C9C /* 98-1牙醫學(二).json */; };
		E94573F11F1C6E5500845C9C /* 98-1牙醫學(三).json in Resources */ = {isa = PBXBuildFile; fileRef = E94573F01F1C6E5500845C9C /* 98-1牙醫學(三).json */; };
		E94573F31F1C6E6100845C9C /* 98-1牙醫學(四).json in Resources */ = {isa = PBXBuildFile; fileRef = E94573F21F1C6E6100845C9C /* 98-1牙醫學(四).json */; };
		E94573F51F1C6E6C00845C9C /* 98-1牙醫學(五).json in Resources */ = {isa = PBXBuildFile; fileRef = E94573F41F1C6E6C00845C9C /* 98-1牙醫學(五).json */; };
		E94573F71F1C6E7600845C9C /* 98-1牙醫學(六).json in Resources */ = {isa = PBXBuildFile; fileRef = E94573F61F1C6E7600845C9C /* 98-1牙醫學(六).json */; };
		E94573F91F1C6E8A00845C9C /* 98-2牙醫學(一).json in Resources */ = {isa = PBXBuildFile; fileRef = E94573F81F1C6E8A00845C9C /* 98-2牙醫學(一).json */; };
		E94573FB1F1C6E9200845C9C /* 98-2牙醫學(二).json in Resources */ = {isa = PBXBuildFile; fileRef = E94573FA1F1C6E9200845C9C /* 98-2牙醫學(二).json */; };
		E94573FD1F1C6E9A00845C9C /* 98-2牙醫學(三).json in Resources */ = {isa = PBXBuildFile; fileRef = E94573FC1F1C6E9A00845C9C /* 98-2牙醫學(三).json */; };
		E94573FF1F1C6EA300845C9C /* 98-2牙醫學(四).json in Resources */ = {isa = PBXBuildFile; fileRef = E94573FE1F1C6EA300845C9C /* 98-2牙醫學(四).json */; };
		E94574011F1C6EAC00845C9C /* 98-2牙醫學(五).json in Resources */ = {isa = PBXBuildFile; fileRef = E94574001F1C6EAC00845C9C /* 98-2牙醫學(五).json */; };
		E94574031F1C6EB400845C9C /* 98-2牙醫學(六).json in Resources */ = {isa = PBXBuildFile; fileRef = E94574021F1C6EB400845C9C /* 98-2牙醫學(六).json */; };
		E94574061F1C6ECE00845C9C /* 97-1牙醫學(ㄧ).json in Resources */ = {isa = PBXBuildFile; fileRef = E94574051F1C6ECE00845C9C /* 97-1牙醫學(ㄧ).json */; };
		E94574081F1C6EDF00845C9C /* 97-1牙醫學(二).json in Resources */ = {isa = PBXBuildFile; fileRef = E94574071F1C6EDF00845C9C /* 97-1牙醫學(二).json */; };
		E945740A1F1C6EE800845C9C /* 97-1牙醫學(三).json in Resources */ = {isa = PBXBuildFile; fileRef = E94574091F1C6EE800845C9C /* 97-1牙醫學(三).json */; };
		E945740C1F1C6EF400845C9C /* 97-1牙醫學(四).json in Resources */ = {isa = PBXBuildFile; fileRef = E945740B1F1C6EF400845C9C /* 97-1牙醫學(四).json */; };
		E945740E1F1C6EFF00845C9C /* 97-1牙醫學(五).json in Resources */ = {isa = PBXBuildFile; fileRef = E945740D1F1C6EFF00845C9C /* 97-1牙醫學(五).json */; };
		E94574101F1C6F0800845C9C /* 97-1牙醫學(六).json in Resources */ = {isa = PBXBuildFile; fileRef = E945740F1F1C6F0800845C9C /* 97-1牙醫學(六).json */; };
		E94574121F1C6F1800845C9C /* 97-2牙醫學(ㄧ).json in Resources */ = {isa = PBXBuildFile; fileRef = E94574111F1C6F1800845C9C /* 97-2牙醫學(ㄧ).json */; };
		E94574141F1C6F2300845C9C /* 97-2牙醫學(二).json in Resources */ = {isa = PBXBuildFile; fileRef = E94574131F1C6F2300845C9C /* 97-2牙醫學(二).json */; };
		E94574161F1C6F2C00845C9C /* 97-2牙醫學(三).json in Resources */ = {isa = PBXBuildFile; fileRef = E94574151F1C6F2C00845C9C /* 97-2牙醫學(三).json */; };
		E94574181F1C6F3800845C9C /* 97-2牙醫學(四).json in Resources */ = {isa = PBXBuildFile; fileRef = E94574171F1C6F3800845C9C /* 97-2牙醫學(四).json */; };
		E945741A1F1C6F4600845C9C /* 97-2牙醫學(五).json in Resources */ = {isa = PBXBuildFile; fileRef = E94574191F1C6F4600845C9C /* 97-2牙醫學(五).json */; };
		E945741C1F1C6F4E00845C9C /* 97-2牙醫學(六).json in Resources */ = {isa = PBXBuildFile; fileRef = E945741B1F1C6F4E00845C9C /* 97-2牙醫學(六).json */; };
		E94F8BB61F14F45E007E43AD /* button_start.png in Resources */ = {isa = PBXBuildFile; fileRef = E94F8BB51F14F45E007E43AD /* button_start.png */; };
		E94F8BB81F14F467007E43AD /* submit02.png in Resources */ = {isa = PBXBuildFile; fileRef = E94F8BB71F14F467007E43AD /* submit02.png */; };
		E94F8BBA1F14F7B4007E43AD /* checked01.png in Resources */ = {isa = PBXBuildFile; fileRef = E94F8BB91F14F7B4007E43AD /* checked01.png */; };
		E94F8BBC1F14F7B9007E43AD /* uncheck01.png in Resources */ = {isa = PBXBuildFile; fileRef = E94F8BBB1F14F7B9007E43AD /* uncheck01.png */; };
		E94F8BBE1F14FA19007E43AD /* submit 02.png in Resources */ = {isa = PBXBuildFile; fileRef = E94F8BBD1F14FA19007E43AD /* submit 02.png */; };
		E94F8BC01F14FA1E007E43AD /* submit03.png in Resources */ = {isa = PBXBuildFile; fileRef = E94F8BBF1F14FA1E007E43AD /* submit03.png */; };
		E95DCBD81F0651BC00DB7250 /* tab bar 2.swift in Sources */ = {isa = PBXBuildFile; fileRef = E95DCBD71F0651BC00DB7250 /* tab bar 2.swift */; };
		E95DCBDA1F0676B200DB7250 /* gameStartVC2.swift in Sources */ = {isa = PBXBuildFile; fileRef = E95DCBD91F0676B200DB7250 /* gameStartVC2.swift */; };
		E9745DBD1F062CD500902CAC /* aaa.json in Resources */ = {isa = PBXBuildFile; fileRef = E9745DBC1F062CD500902CAC /* aaa.json */; };
		E97B59891F16457400E743AA /* icon@2x.png in Resources */ = {isa = PBXBuildFile; fileRef = E97B59881F16457400E743AA /* icon@2x.png */; };
		E97B598B1F16457800E743AA /* icon@3x.png in Resources */ = {isa = PBXBuildFile; fileRef = E97B598A1F16457800E743AA /* icon@3x.png */; };
		E97B598D1F16527100E743AA /* details.png in Resources */ = {isa = PBXBuildFile; fileRef = E97B598C1F16527100E743AA /* details.png */; };
		E97B59931F1660E700E743AA /* 01.png in Resources */ = {isa = PBXBuildFile; fileRef = E97B59921F1660E700E743AA /* 01.png */; };
		E97B599F1F1667C800E743AA /* 02.png in Resources */ = {isa = PBXBuildFile; fileRef = E97B599E1F1667C800E743AA /* 02.png */; };
		E97B82CA1F073F0E0088882F /* SwiftyJSON.framework in Frameworks */ = {isa = PBXBuildFile; fileRef = E97B82C91F073F0E0088882F /* SwiftyJSON.framework */; };
		E9997E4F1F0A4B9500CC2FDA /* ss.json in Resources */ = {isa = PBXBuildFile; fileRef = E9997E4E1F0A4B9500CC2FDA /* ss.json */; };
		E99CFDFA1F18C2F300E30F93 /* 背景 05.png in Resources */ = {isa = PBXBuildFile; fileRef = E99CFDF91F18C2F300E30F93 /* 背景 05.png */; };
		E99CFDFC1F18C4EE00E30F93 /* 背景 06.png in Resources */ = {isa = PBXBuildFile; fileRef = E99CFDFB1F18C4EE00E30F93 /* 背景 06.png */; };
		E99CFDFE1F18C5A500E30F93 /* 配件 01.png in Resources */ = {isa = PBXBuildFile; fileRef = E99CFDFD1F18C5A500E30F93 /* 配件 01.png */; };
		E99CFE041F18C89500E30F93 /* Simulator Screen Shot 2017年7月14日 下午5.36.52.png in Resources */ = {isa = PBXBuildFile; fileRef = E99CFE031F18C89500E30F93 /* Simulator Screen Shot 2017年7月14日 下午5.36.52.png */; };
		E99CFE061F18C89900E30F93 /* Simulator Screen Shot 2017年7月14日 下午5.37.02.png in Resources */ = {isa = PBXBuildFile; fileRef = E99CFE051F18C89900E30F93 /* Simulator Screen Shot 2017年7月14日 下午5.37.02.png */; };
		E99CFE081F18E4EC00E30F93 /* icon  512.png in Resources */ = {isa = PBXBuildFile; fileRef = E99CFE071F18E4EC00E30F93 /* icon  512.png */; };
		E99CFE0A1F18EB6800E30F93 /* Simulator Screen Shot 2017年7月14日 下午8.06.11.png in Resources */ = {isa = PBXBuildFile; fileRef = E99CFE091F18EB6800E30F93 /* Simulator Screen Shot 2017年7月14日 下午8.06.11.png */; };
		E99CFE0C1F18EB7100E30F93 /* Simulator Screen Shot 2017年7月14日 下午8.05.57.png in Resources */ = {isa = PBXBuildFile; fileRef = E99CFE0B1F18EB7100E30F93 /* Simulator Screen Shot 2017年7月14日 下午8.05.57.png */; };
		E99CFE0E1F18EB7500E30F93 /* Simulator Screen Shot 2017年7月14日 下午8.06.19.png in Resources */ = {isa = PBXBuildFile; fileRef = E99CFE0D1F18EB7500E30F93 /* Simulator Screen Shot 2017年7月14日 下午8.06.19.png */; };
		E99CFE141F18ECD300E30F93 /* 3.png in Resources */ = {isa = PBXBuildFile; fileRef = E99CFE0F1F18ECD300E30F93 /* 3.png */; };
		E99CFE151F18ECD300E30F93 /* 5.png in Resources */ = {isa = PBXBuildFile; fileRef = E99CFE101F18ECD300E30F93 /* 5.png */; };
		E99CFE161F18ECD300E30F93 /* 1.png in Resources */ = {isa = PBXBuildFile; fileRef = E99CFE111F18ECD300E30F93 /* 1.png */; };
		E99CFE171F18ECD300E30F93 /* 2.png in Resources */ = {isa = PBXBuildFile; fileRef = E99CFE121F18ECD300E30F93 /* 2.png */; };
		E99CFE181F18ECD300E30F93 /* 4.png in Resources */ = {isa = PBXBuildFile; fileRef = E99CFE131F18ECD300E30F93 /* 4.png */; };
		E99CFE1A1F18F9F300E30F93 /* 105-1牙醫學(六).json in Resources */ = {isa = PBXBuildFile; fileRef = E99CFE191F18F9F300E30F93 /* 105-1牙醫學(六).json */; };
		E9ADD1431F0CFA3F0064F890 /* 解剖_骨盆會陰.json in Resources */ = {isa = PBXBuildFile; fileRef = E9ADD1421F0CFA3F0064F890 /* 解剖_骨盆會陰.json */; };
		E9ADD1451F0CFAF20064F890 /* 解剖_神解.json in Resources */ = {isa = PBXBuildFile; fileRef = E9ADD1441F0CFAF20064F890 /* 解剖_神解.json */; };
		E9ADD1491F0D03690064F890 /* tab_bar_1.swift in Sources */ = {isa = PBXBuildFile; fileRef = E9ADD1481F0D03690064F890 /* tab_bar_1.swift */; };
		E9ADD14B1F0D059D0064F890 /* 解剖_四肢.json in Resources */ = {isa = PBXBuildFile; fileRef = E9ADD14A1F0D059D0064F890 /* 解剖_四肢.json */; };
		E9ADD14F1F0D08EA0064F890 /* 解剖_胸背腹.json in Resources */ = {isa = PBXBuildFile; fileRef = E9ADD14E1F0D08EA0064F890 /* 解剖_胸背腹.json */; };
		E9ADD1511F0D093A0064F890 /* 微免_免疫.json in Resources */ = {isa = PBXBuildFile; fileRef = E9ADD1501F0D093A0064F890 /* 微免_免疫.json */; };
		E9ADD1531F0D09B10064F890 /* 微免_微生物.json in Resources */ = {isa = PBXBuildFile; fileRef = E9ADD1521F0D09B10064F890 /* 微免_微生物.json */; };
		E9ADD1571F0D0EDC0064F890 /* 解剖_頭頸.json in Resources */ = {isa = PBXBuildFile; fileRef = E9ADD1561F0D0EDC0064F890 /* 解剖_頭頸.json */; };
		E9B3619D1F174D8C006F599F /* backBtn.png in Resources */ = {isa = PBXBuildFile; fileRef = E9B3619C1F174D8C006F599F /* backBtn.png */; };
		E9D28B711F13BFF600139B54 /* 106-1牙醫學(六).json in Resources */ = {isa = PBXBuildFile; fileRef = E9D28B701F13BFF600139B54 /* 106-1牙醫學(六).json */; };
		E9F4BEDD1F17403300C02AA6 /* details 1.png in Resources */ = {isa = PBXBuildFile; fileRef = E9F4BEDC1F17403300C02AA6 /* details 1.png */; };
		E9F4BEDF1F17416500C02AA6 /* 背景 01.png in Resources */ = {isa = PBXBuildFile; fileRef = E9F4BEDE1F17416500C02AA6 /* 背景 01.png */; };
		E9F4BEE11F17462800C02AA6 /* 背景 02.png in Resources */ = {isa = PBXBuildFile; fileRef = E9F4BEE01F17462800C02AA6 /* 背景 02.png */; };
		E9F4BEE31F1748E600C02AA6 /* 背景 03.png in Resources */ = {isa = PBXBuildFile; fileRef = E9F4BEE21F1748E600C02AA6 /* 背景 03.png */; };
		E9F4BEE51F17497400C02AA6 /* 背景 04.png in Resources */ = {isa = PBXBuildFile; fileRef = E9F4BEE41F17497400C02AA6 /* 背景 04.png */; };
		E9F4BEE71F174A7B00C02AA6 /* ThanksVC.swift in Sources */ = {isa = PBXBuildFile; fileRef = E9F4BEE61F174A7B00C02AA6 /* ThanksVC.swift */; };
/* End PBXBuildFile section */

/* Begin PBXFileReference section */
		0EFF6EBBE135B4BB7DAB1364 /* Pods-test.release.xcconfig */ = {isa = PBXFileReference; includeInIndex = 1; lastKnownFileType = text.xcconfig; name = "Pods-test.release.xcconfig"; path = "Pods/Target Support Files/Pods-test/Pods-test.release.xcconfig"; sourceTree = "<group>"; };
		732971D2FDDA4F15D4C3BB7F /* Pods-test.debug.xcconfig */ = {isa = PBXFileReference; includeInIndex = 1; lastKnownFileType = text.xcconfig; name = "Pods-test.debug.xcconfig"; path = "Pods/Target Support Files/Pods-test/Pods-test.debug.xcconfig"; sourceTree = "<group>"; };
		B90FD4554ABBBEC1956C340E /* Pods_test.framework */ = {isa = PBXFileReference; explicitFileType = wrapper.framework; includeInIndex = 0; path = Pods_test.framework; sourceTree = BUILT_PRODUCTS_DIR; };
		DB23B0251F19CEA400518A43 /* 105-2牙醫學(六).json */ = {isa = PBXFileReference; fileEncoding = 4; lastKnownFileType = text.json; path = "105-2牙醫學(六).json"; sourceTree = "<group>"; };
		DB23B0271F19ED4F00518A43 /* 104-2牙醫學(六).json */ = {isa = PBXFileReference; fileEncoding = 4; lastKnownFileType = text.json; path = "104-2牙醫學(六).json"; sourceTree = "<group>"; };
		DB23B02B1F19F19300518A43 /* 104-1牙醫學(六).json */ = {isa = PBXFileReference; fileEncoding = 4; lastKnownFileType = text.json; path = "104-1牙醫學(六).json"; sourceTree = "<group>"; };
		DB23B02D1F19F1B100518A43 /* 103-1牙醫學(六).json */ = {isa = PBXFileReference; fileEncoding = 4; lastKnownFileType = text.json; path = "103-1牙醫學(六).json"; sourceTree = "<group>"; };
		DB23B02F1F19F1C700518A43 /* 103-2牙醫學(六).json */ = {isa = PBXFileReference; fileEncoding = 4; lastKnownFileType = text.json; path = "103-2牙醫學(六).json"; sourceTree = "<group>"; };
		DB23B0321F1A193800518A43 /* 缺題題號 */ = {isa = PBXFileReference; fileEncoding = 4; lastKnownFileType = text; path = "缺題題號"; sourceTree = "<group>"; };
		DB23B0341F1A21DA00518A43 /* 102-2牙醫學(六).json */ = {isa = PBXFileReference; fileEncoding = 4; lastKnownFileType = text.json; path = "102-2牙醫學(六).json"; sourceTree = "<group>"; };
		DB6995E31F02ED7A0093F955 /* twnationalexam.app */ = {isa = PBXFileReference; explicitFileType = wrapper.application; includeInIndex = 0; path = twnationalexam.app; sourceTree = BUILT_PRODUCTS_DIR; };
		DB6995E61F02ED7A0093F955 /* AppDelegate.swift */ = {isa = PBXFileReference; lastKnownFileType = sourcecode.swift; path = AppDelegate.swift; sourceTree = "<group>"; };
		DB6995E81F02ED7B0093F955 /* ViewController.swift */ = {isa = PBXFileReference; lastKnownFileType = sourcecode.swift; path = ViewController.swift; sourceTree = "<group>"; };
		DB6995EB1F02ED7B0093F955 /* Base */ = {isa = PBXFileReference; lastKnownFileType = file.storyboard; name = Base; path = Base.lproj/Main.storyboard; sourceTree = "<group>"; };
		DB6995ED1F02ED7B0093F955 /* Assets.xcassets */ = {isa = PBXFileReference; lastKnownFileType = folder.assetcatalog; path = Assets.xcassets; sourceTree = "<group>"; };
		DB6995F01F02ED7B0093F955 /* Base */ = {isa = PBXFileReference; lastKnownFileType = file.storyboard; name = Base; path = Base.lproj/LaunchScreen.storyboard; sourceTree = "<group>"; };
		DB6995F21F02ED7B0093F955 /* Info.plist */ = {isa = PBXFileReference; lastKnownFileType = text.plist.xml; path = Info.plist; sourceTree = "<group>"; };
		DB6995F81F02EFA30093F955 /* inVC.swift */ = {isa = PBXFileReference; fileEncoding = 4; lastKnownFileType = sourcecode.swift; path = inVC.swift; sourceTree = "<group>"; };
		DB6995FA1F02F0550093F955 /* MainNavigationController.swift */ = {isa = PBXFileReference; fileEncoding = 4; lastKnownFileType = sourcecode.swift; path = MainNavigationController.swift; sourceTree = "<group>"; };
		DB6995FC1F02F39E0093F955 /* gameStartVC.swift */ = {isa = PBXFileReference; fileEncoding = 4; lastKnownFileType = sourcecode.swift; path = gameStartVC.swift; sourceTree = "<group>"; };
		DB6996001F0389520093F955 /* data.json */ = {isa = PBXFileReference; fileEncoding = 4; lastKnownFileType = text.json; path = data.json; sourceTree = "<group>"; };
		DBAC62401F1A27930046A82A /* 102-1牙醫學(六).json */ = {isa = PBXFileReference; fileEncoding = 4; lastKnownFileType = text.json; path = "102-1牙醫學(六).json"; sourceTree = "<group>"; };
		DBAC62421F1A69E90046A82A /* 106-1牙醫學(五).json */ = {isa = PBXFileReference; fileEncoding = 4; lastKnownFileType = text.json; path = "106-1牙醫學(五).json"; sourceTree = "<group>"; };
		DBAC62441F1A72850046A82A /* 106-1牙醫學(四).json */ = {isa = PBXFileReference; fileEncoding = 4; lastKnownFileType = text.json; path = "106-1牙醫學(四).json"; sourceTree = "<group>"; };
		DBAC62461F1A73030046A82A /* 106-1牙醫學(三).json */ = {isa = PBXFileReference; fileEncoding = 4; lastKnownFileType = text.json; path = "106-1牙醫學(三).json"; sourceTree = "<group>"; };
		DBAC62481F1A731F0046A82A /* 106-1牙醫學(二).json */ = {isa = PBXFileReference; fileEncoding = 4; lastKnownFileType = text.json; path = "106-1牙醫學(二).json"; sourceTree = "<group>"; };
		DBAC624A1F1A73350046A82A /* 106-1牙醫學(ㄧ).json */ = {isa = PBXFileReference; fileEncoding = 4; lastKnownFileType = text.json; path = "106-1牙醫學(ㄧ).json"; sourceTree = "<group>"; };
		DBAC624C1F1A863C0046A82A /* 105-2牙醫學(五).json */ = {isa = PBXFileReference; fileEncoding = 4; lastKnownFileType = text.json; path = "105-2牙醫學(五).json"; sourceTree = "<group>"; };
		DBAC624E1F1A86980046A82A /* 105-2牙醫學(四).json */ = {isa = PBXFileReference; fileEncoding = 4; lastKnownFileType = text.json; path = "105-2牙醫學(四).json"; sourceTree = "<group>"; };
		DBAC62501F1A88A80046A82A /* 105-2牙醫學(三).json */ = {isa = PBXFileReference; fileEncoding = 4; lastKnownFileType = text.json; path = "105-2牙醫學(三).json"; sourceTree = "<group>"; };
		DBAC62521F1A88CE0046A82A /* 105-2牙醫學(二).json */ = {isa = PBXFileReference; fileEncoding = 4; lastKnownFileType = text.json; path = "105-2牙醫學(二).json"; sourceTree = "<group>"; };
		DBAC62541F1A88E60046A82A /* 105-2牙醫學(ㄧ).json */ = {isa = PBXFileReference; fileEncoding = 4; lastKnownFileType = text.json; path = "105-2牙醫學(ㄧ).json"; sourceTree = "<group>"; };
		DBAC62561F1A890B0046A82A /* 105-1牙醫學(五).json */ = {isa = PBXFileReference; fileEncoding = 4; lastKnownFileType = text.json; path = "105-1牙醫學(五).json"; sourceTree = "<group>"; };
		DBAC62581F1A89230046A82A /* 105-1牙醫學(四).json */ = {isa = PBXFileReference; fileEncoding = 4; lastKnownFileType = text.json; path = "105-1牙醫學(四).json"; sourceTree = "<group>"; };
		DBAC625A1F1A89400046A82A /* 105-1牙醫學(三).json */ = {isa = PBXFileReference; fileEncoding = 4; lastKnownFileType = text.json; path = "105-1牙醫學(三).json"; sourceTree = "<group>"; };
		DBAC625C1F1A89520046A82A /* 105-1牙醫學(二).json */ = {isa = PBXFileReference; fileEncoding = 4; lastKnownFileType = text.json; path = "105-1牙醫學(二).json"; sourceTree = "<group>"; };
		DBAC625E1F1A89720046A82A /* 105-1牙醫學(ㄧ).json */ = {isa = PBXFileReference; fileEncoding = 4; lastKnownFileType = text.json; path = "105-1牙醫學(ㄧ).json"; sourceTree = "<group>"; };
		DBFA5C031F1BC87A00B98B00 /* 104-1牙醫學(五).json */ = {isa = PBXFileReference; fileEncoding = 4; lastKnownFileType = text.json; path = "104-1牙醫學(五).json"; sourceTree = "<group>"; };
		DBFA5C051F1BCA7E00B98B00 /* 104-1牙醫學(四).json */ = {isa = PBXFileReference; fileEncoding = 4; lastKnownFileType = text.json; path = "104-1牙醫學(四).json"; sourceTree = "<group>"; };
		DBFA5C071F1BCABE00B98B00 /* 104-1牙醫學(三).json */ = {isa = PBXFileReference; fileEncoding = 4; lastKnownFileType = text.json; path = "104-1牙醫學(三).json"; sourceTree = "<group>"; };
		DBFA5C091F1BCBEB00B98B00 /* 104-1牙醫學(二).json */ = {isa = PBXFileReference; fileEncoding = 4; lastKnownFileType = text.json; path = "104-1牙醫學(二).json"; sourceTree = "<group>"; };
		DBFA5C0B1F1BCF7500B98B00 /* 104-1牙醫學(一).json */ = {isa = PBXFileReference; fileEncoding = 4; lastKnownFileType = text.json; path = "104-1牙醫學(一).json"; sourceTree = "<group>"; };
		DBFA5C0D1F1BCF8800B98B00 /* 104-2牙醫學(五).json */ = {isa = PBXFileReference; fileEncoding = 4; lastKnownFileType = text.json; path = "104-2牙醫學(五).json"; sourceTree = "<group>"; };
		DBFA5C0F1F1BCFA900B98B00 /* 104-2牙醫學(四).json */ = {isa = PBXFileReference; fileEncoding = 4; lastKnownFileType = text.json; path = "104-2牙醫學(四).json"; sourceTree = "<group>"; };
		DBFA5C111F1BD17600B98B00 /* 104-2牙醫學(三).json */ = {isa = PBXFileReference; fileEncoding = 4; lastKnownFileType = text.json; path = "104-2牙醫學(三).json"; sourceTree = "<group>"; };
		DBFA5C131F1BD1A000B98B00 /* 104-2牙醫學(二).json */ = {isa = PBXFileReference; fileEncoding = 4; lastKnownFileType = text.json; path = "104-2牙醫學(二).json"; sourceTree = "<group>"; };
		DBFA5C151F1BD1B200B98B00 /* 104-2牙醫學(一).json */ = {isa = PBXFileReference; fileEncoding = 4; lastKnownFileType = text.json; path = "104-2牙醫學(一).json"; sourceTree = "<group>"; };
		E94573771F1C687A00845C9C /* 103-2牙醫學(五).json */ = {isa = PBXFileReference; fileEncoding = 4; lastKnownFileType = text.json; path = "103-2牙醫學(五).json"; sourceTree = "<group>"; };
		E94573791F1C688E00845C9C /* 103-2牙醫學(四).json */ = {isa = PBXFileReference; fileEncoding = 4; lastKnownFileType = text.json; path = "103-2牙醫學(四).json"; sourceTree = "<group>"; };
		E945737B1F1C689900845C9C /* 103-2牙醫學(三).json */ = {isa = PBXFileReference; fileEncoding = 4; lastKnownFileType = text.json; path = "103-2牙醫學(三).json"; sourceTree = "<group>"; };
		E945737D1F1C68A500845C9C /* 103-2牙醫學(二).json */ = {isa = PBXFileReference; fileEncoding = 4; lastKnownFileType = text.json; path = "103-2牙醫學(二).json"; sourceTree = "<group>"; };
		E945737F1F1C68AE00845C9C /* 103-2牙醫學(一).json */ = {isa = PBXFileReference; fileEncoding = 4; lastKnownFileType = text.json; path = "103-2牙醫學(一).json"; sourceTree = "<group>"; };
		E94573811F1C68C000845C9C /* 103-1牙醫學(五).json */ = {isa = PBXFileReference; fileEncoding = 4; lastKnownFileType = text.json; path = "103-1牙醫學(五).json"; sourceTree = "<group>"; };
		E94573831F1C68CC00845C9C /* 103-1牙醫學(四).json */ = {isa = PBXFileReference; fileEncoding = 4; lastKnownFileType = text.json; path = "103-1牙醫學(四).json"; sourceTree = "<group>"; };
		E94573851F1C68D500845C9C /* 103-1牙醫學(三).json */ = {isa = PBXFileReference; fileEncoding = 4; lastKnownFileType = text.json; path = "103-1牙醫學(三).json"; sourceTree = "<group>"; };
		E94573871F1C68DF00845C9C /* 103-1牙醫學(二).json */ = {isa = PBXFileReference; fileEncoding = 4; lastKnownFileType = text.json; path = "103-1牙醫學(二).json"; sourceTree = "<group>"; };
		E94573891F1C68E900845C9C /* 103-1牙醫學(一).json */ = {isa = PBXFileReference; fileEncoding = 4; lastKnownFileType = text.json; path = "103-1牙醫學(一).json"; sourceTree = "<group>"; };
		E945738B1F1C690800845C9C /* 102-1牙醫學(五).json */ = {isa = PBXFileReference; fileEncoding = 4; lastKnownFileType = text.json; path = "102-1牙醫學(五).json"; sourceTree = "<group>"; };
		E945738D1F1C691200845C9C /* 102-1牙醫學(四).json */ = {isa = PBXFileReference; fileEncoding = 4; lastKnownFileType = text.json; path = "102-1牙醫學(四).json"; sourceTree = "<group>"; };
		E945738F1F1C691C00845C9C /* 102-1牙醫學(三).json */ = {isa = PBXFileReference; fileEncoding = 4; lastKnownFileType = text.json; path = "102-1牙醫學(三).json"; sourceTree = "<group>"; };
		E94573911F1C692F00845C9C /* 102-1牙醫學(二).json */ = {isa = PBXFileReference; fileEncoding = 4; lastKnownFileType = text.json; path = "102-1牙醫學(二).json"; sourceTree = "<group>"; };
		E94573931F1C693900845C9C /* 102-1牙醫學(一).json */ = {isa = PBXFileReference; fileEncoding = 4; lastKnownFileType = text.json; path = "102-1牙醫學(一).json"; sourceTree = "<group>"; };
		E94573951F1C694800845C9C /* 102-2牙醫學(五).json */ = {isa = PBXFileReference; fileEncoding = 4; lastKnownFileType = text.json; path = "102-2牙醫學(五).json"; sourceTree = "<group>"; };
		E94573971F1C695200845C9C /* 102-2牙醫學(四).json */ = {isa = PBXFileReference; fileEncoding = 4; lastKnownFileType = text.json; path = "102-2牙醫學(四).json"; sourceTree = "<group>"; };
		E94573991F1C696100845C9C /* 102-2牙醫學(三).json */ = {isa = PBXFileReference; fileEncoding = 4; lastKnownFileType = text.json; path = "102-2牙醫學(三).json"; sourceTree = "<group>"; };
		E945739B1F1C696C00845C9C /* 102-2牙醫學(二).json */ = {isa = PBXFileReference; fileEncoding = 4; lastKnownFileType = text.json; path = "102-2牙醫學(二).json"; sourceTree = "<group>"; };
		E945739D1F1C697700845C9C /* 102-2牙醫學(一).json */ = {isa = PBXFileReference; fileEncoding = 4; lastKnownFileType = text.json; path = "102-2牙醫學(一).json"; sourceTree = "<group>"; };
		E94573A01F1C69AF00845C9C /* 101-1牙醫學(六).json */ = {isa = PBXFileReference; fileEncoding = 4; lastKnownFileType = text.json; path = "101-1牙醫學(六).json"; sourceTree = "<group>"; };
		E94573A21F1C69B700845C9C /* 101-1牙醫學(五).json */ = {isa = PBXFileReference; fileEncoding = 4; lastKnownFileType = text.json; path = "101-1牙醫學(五).json"; sourceTree = "<group>"; };
		E94573A41F1C69C100845C9C /* 101-1牙醫學(四).json */ = {isa = PBXFileReference; fileEncoding = 4; lastKnownFileType = text.json; path = "101-1牙醫學(四).json"; sourceTree = "<group>"; };
		E94573A61F1C69CB00845C9C /* 101-1牙醫學(三).json */ = {isa = PBXFileReference; fileEncoding = 4; lastKnownFileType = text.json; path = "101-1牙醫學(三).json"; sourceTree = "<group>"; };
		E94573A81F1C69D500845C9C /* 101-1牙醫學(二).json */ = {isa = PBXFileReference; fileEncoding = 4; lastKnownFileType = text.json; path = "101-1牙醫學(二).json"; sourceTree = "<group>"; };
		E94573AA1F1C69DE00845C9C /* 101-1牙醫學(一).json */ = {isa = PBXFileReference; fileEncoding = 4; lastKnownFileType = text.json; path = "101-1牙醫學(一).json"; sourceTree = "<group>"; };
		E94573AC1F1C69E800845C9C /* 101-2牙醫學(六).json */ = {isa = PBXFileReference; fileEncoding = 4; lastKnownFileType = text.json; path = "101-2牙醫學(六).json"; sourceTree = "<group>"; };
		E94573AE1F1C69FC00845C9C /* 101-2牙醫學(五).json */ = {isa = PBXFileReference; fileEncoding = 4; lastKnownFileType = text.json; path = "101-2牙醫學(五).json"; sourceTree = "<group>"; };
		E94573B01F1C6A0600845C9C /* 101-2牙醫學(四).json */ = {isa = PBXFileReference; fileEncoding = 4; lastKnownFileType = text.json; path = "101-2牙醫學(四).json"; sourceTree = "<group>"; };
		E94573B21F1C6A1100845C9C /* 101-2牙醫學(三).json */ = {isa = PBXFileReference; fileEncoding = 4; lastKnownFileType = text.json; path = "101-2牙醫學(三).json"; sourceTree = "<group>"; };
		E94573B41F1C6A1900845C9C /* 101-2牙醫學(二).json */ = {isa = PBXFileReference; fileEncoding = 4; lastKnownFileType = text.json; path = "101-2牙醫學(二).json"; sourceTree = "<group>"; };
		E94573B61F1C6A2200845C9C /* 101-2牙醫學(一).json */ = {isa = PBXFileReference; fileEncoding = 4; lastKnownFileType = text.json; path = "101-2牙醫學(一).json"; sourceTree = "<group>"; };
		E94573BA1F1C6B7A00845C9C /* 100-1牙醫學(一).json */ = {isa = PBXFileReference; fileEncoding = 4; lastKnownFileType = text.json; path = "100-1牙醫學(一).json"; sourceTree = "<group>"; };
		E94573BC1F1C6B8700845C9C /* 100-1牙醫學(二).json */ = {isa = PBXFileReference; fileEncoding = 4; lastKnownFileType = text.json; path = "100-1牙醫學(二).json"; sourceTree = "<group>"; };
		E94573BE1F1C6B9700845C9C /* 100-1牙醫學(三).json */ = {isa = PBXFileReference; fileEncoding = 4; lastKnownFileType = text.json; path = "100-1牙醫學(三).json"; sourceTree = "<group>"; };
		E94573C01F1C6BA000845C9C /* 100-1牙醫學(四).json */ = {isa = PBXFileReference; fileEncoding = 4; lastKnownFileType = text.json; path = "100-1牙醫學(四).json"; sourceTree = "<group>"; };
		E94573C21F1C6BAA00845C9C /* 100-1牙醫學(五).json */ = {isa = PBXFileReference; fileEncoding = 4; lastKnownFileType = text.json; path = "100-1牙醫學(五).json"; sourceTree = "<group>"; };
		E94573C41F1C6BB300845C9C /* 100-1牙醫學(六).json */ = {isa = PBXFileReference; fileEncoding = 4; lastKnownFileType = text.json; path = "100-1牙醫學(六).json"; sourceTree = "<group>"; };
		E94573C61F1C6BBC00845C9C /* 100-2牙醫學(一).json */ = {isa = PBXFileReference; fileEncoding = 4; lastKnownFileType = text.json; path = "100-2牙醫學(一).json"; sourceTree = "<group>"; };
		E94573C81F1C6BCB00845C9C /* 100-2牙醫學(二).json */ = {isa = PBXFileReference; fileEncoding = 4; lastKnownFileType = text.json; path = "100-2牙醫學(二).json"; sourceTree = "<group>"; };
		E94573CA1F1C6BD900845C9C /* 100-2牙醫學(三).json */ = {isa = PBXFileReference; fileEncoding = 4; lastKnownFileType = text.json; path = "100-2牙醫學(三).json"; sourceTree = "<group>"; };
		E94573CC1F1C6BE200845C9C /* 100-2牙醫學(四).json */ = {isa = PBXFileReference; fileEncoding = 4; lastKnownFileType = text.json; path = "100-2牙醫學(四).json"; sourceTree = "<group>"; };
		E94573CE1F1C6BEF00845C9C /* 100-2牙醫學(五).json */ = {isa = PBXFileReference; fileEncoding = 4; lastKnownFileType = text.json; path = "100-2牙醫學(五).json"; sourceTree = "<group>"; };
		E94573D01F1C6BFA00845C9C /* 100-2牙醫學(六).json */ = {isa = PBXFileReference; fileEncoding = 4; lastKnownFileType = text.json; path = "100-2牙醫學(六).json"; sourceTree = "<group>"; };
		E94573D31F1C6C6B00845C9C /* 99-1牙醫學(二).json */ = {isa = PBXFileReference; fileEncoding = 4; lastKnownFileType = text.json; path = "99-1牙醫學(二).json"; sourceTree = "<group>"; };
		E94573D51F1C6C8400845C9C /* 99-1牙醫學(一).json */ = {isa = PBXFileReference; fileEncoding = 4; lastKnownFileType = text.json; path = "99-1牙醫學(一).json"; sourceTree = "<group>"; };
		E94573D71F1C6C9F00845C9C /* 99-1牙醫學(三).json */ = {isa = PBXFileReference; fileEncoding = 4; lastKnownFileType = text.json; path = "99-1牙醫學(三).json"; sourceTree = "<group>"; };
		E94573D91F1C6CA800845C9C /* 99-1牙醫學(四).json */ = {isa = PBXFileReference; fileEncoding = 4; lastKnownFileType = text.json; path = "99-1牙醫學(四).json"; sourceTree = "<group>"; };
		E94573DB1F1C6CB200845C9C /* 99-1牙醫學(五).json */ = {isa = PBXFileReference; fileEncoding = 4; lastKnownFileType = text.json; path = "99-1牙醫學(五).json"; sourceTree = "<group>"; };
		E94573DD1F1C6CBB00845C9C /* 99-1牙醫學(六).json */ = {isa = PBXFileReference; fileEncoding = 4; lastKnownFileType = text.json; path = "99-1牙醫學(六).json"; sourceTree = "<group>"; };
		E94573DF1F1C6CC900845C9C /* 99-2牙醫學(一).json */ = {isa = PBXFileReference; fileEncoding = 4; lastKnownFileType = text.json; path = "99-2牙醫學(一).json"; sourceTree = "<group>"; };
		E94573E11F1C6CD200845C9C /* 99-2牙醫學(二).json */ = {isa = PBXFileReference; fileEncoding = 4; lastKnownFileType = text.json; path = "99-2牙醫學(二).json"; sourceTree = "<group>"; };
		E94573E31F1C6CDE00845C9C /* 99-2牙醫學(三).json */ = {isa = PBXFileReference; fileEncoding = 4; lastKnownFileType = text.json; path = "99-2牙醫學(三).json"; sourceTree = "<group>"; };
		E94573E51F1C6DD100845C9C /* 99-2牙醫學(四).json */ = {isa = PBXFileReference; fileEncoding = 4; lastKnownFileType = text.json; path = "99-2牙醫學(四).json"; sourceTree = "<group>"; };
		E94573E71F1C6DE100845C9C /* 99-2牙醫學(五).json */ = {isa = PBXFileReference; fileEncoding = 4; lastKnownFileType = text.json; path = "99-2牙醫學(五).json"; sourceTree = "<group>"; };
		E94573E91F1C6DF600845C9C /* 99-2牙醫學(六).json */ = {isa = PBXFileReference; fileEncoding = 4; lastKnownFileType = text.json; path = "99-2牙醫學(六).json"; sourceTree = "<group>"; };
		E94573EC1F1C6E3E00845C9C /* 98-1牙醫學(一).json */ = {isa = PBXFileReference; fileEncoding = 4; lastKnownFileType = text.json; path = "98-1牙醫學(一).json"; sourceTree = "<group>"; };
		E94573EE1F1C6E4D00845C9C /* 98-1牙醫學(二).json */ = {isa = PBXFileReference; fileEncoding = 4; lastKnownFileType = text.json; path = "98-1牙醫學(二).json"; sourceTree = "<group>"; };
		E94573F01F1C6E5500845C9C /* 98-1牙醫學(三).json */ = {isa = PBXFileReference; fileEncoding = 4; lastKnownFileType = text.json; path = "98-1牙醫學(三).json"; sourceTree = "<group>"; };
		E94573F21F1C6E6100845C9C /* 98-1牙醫學(四).json */ = {isa = PBXFileReference; fileEncoding = 4; lastKnownFileType = text.json; path = "98-1牙醫學(四).json"; sourceTree = "<group>"; };
		E94573F41F1C6E6C00845C9C /* 98-1牙醫學(五).json */ = {isa = PBXFileReference; fileEncoding = 4; lastKnownFileType = text.json; path = "98-1牙醫學(五).json"; sourceTree = "<group>"; };
		E94573F61F1C6E7600845C9C /* 98-1牙醫學(六).json */ = {isa = PBXFileReference; fileEncoding = 4; lastKnownFileType = text.json; path = "98-1牙醫學(六).json"; sourceTree = "<group>"; };
		E94573F81F1C6E8A00845C9C /* 98-2牙醫學(一).json */ = {isa = PBXFileReference; fileEncoding = 4; lastKnownFileType = text.json; path = "98-2牙醫學(一).json"; sourceTree = "<group>"; };
		E94573FA1F1C6E9200845C9C /* 98-2牙醫學(二).json */ = {isa = PBXFileReference; fileEncoding = 4; lastKnownFileType = text.json; path = "98-2牙醫學(二).json"; sourceTree = "<group>"; };
		E94573FC1F1C6E9A00845C9C /* 98-2牙醫學(三).json */ = {isa = PBXFileReference; fileEncoding = 4; lastKnownFileType = text.json; path = "98-2牙醫學(三).json"; sourceTree = "<group>"; };
		E94573FE1F1C6EA300845C9C /* 98-2牙醫學(四).json */ = {isa = PBXFileReference; fileEncoding = 4; lastKnownFileType = text.json; path = "98-2牙醫學(四).json"; sourceTree = "<group>"; };
		E94574001F1C6EAC00845C9C /* 98-2牙醫學(五).json */ = {isa = PBXFileReference; fileEncoding = 4; lastKnownFileType = text.json; path = "98-2牙醫學(五).json"; sourceTree = "<group>"; };
		E94574021F1C6EB400845C9C /* 98-2牙醫學(六).json */ = {isa = PBXFileReference; fileEncoding = 4; lastKnownFileType = text.json; path = "98-2牙醫學(六).json"; sourceTree = "<group>"; };
		E94574051F1C6ECE00845C9C /* 97-1牙醫學(ㄧ).json */ = {isa = PBXFileReference; fileEncoding = 4; lastKnownFileType = text.json; path = "97-1牙醫學(ㄧ).json"; sourceTree = "<group>"; };
		E94574071F1C6EDF00845C9C /* 97-1牙醫學(二).json */ = {isa = PBXFileReference; fileEncoding = 4; lastKnownFileType = text.json; path = "97-1牙醫學(二).json"; sourceTree = "<group>"; };
		E94574091F1C6EE800845C9C /* 97-1牙醫學(三).json */ = {isa = PBXFileReference; fileEncoding = 4; lastKnownFileType = text.json; path = "97-1牙醫學(三).json"; sourceTree = "<group>"; };
		E945740B1F1C6EF400845C9C /* 97-1牙醫學(四).json */ = {isa = PBXFileReference; fileEncoding = 4; lastKnownFileType = text.json; path = "97-1牙醫學(四).json"; sourceTree = "<group>"; };
		E945740D1F1C6EFF00845C9C /* 97-1牙醫學(五).json */ = {isa = PBXFileReference; fileEncoding = 4; lastKnownFileType = text.json; path = "97-1牙醫學(五).json"; sourceTree = "<group>"; };
		E945740F1F1C6F0800845C9C /* 97-1牙醫學(六).json */ = {isa = PBXFileReference; fileEncoding = 4; lastKnownFileType = text.json; path = "97-1牙醫學(六).json"; sourceTree = "<group>"; };
		E94574111F1C6F1800845C9C /* 97-2牙醫學(ㄧ).json */ = {isa = PBXFileReference; fileEncoding = 4; lastKnownFileType = text.json; path = "97-2牙醫學(ㄧ).json"; sourceTree = "<group>"; };
		E94574131F1C6F2300845C9C /* 97-2牙醫學(二).json */ = {isa = PBXFileReference; fileEncoding = 4; lastKnownFileType = text.json; path = "97-2牙醫學(二).json"; sourceTree = "<group>"; };
		E94574151F1C6F2C00845C9C /* 97-2牙醫學(三).json */ = {isa = PBXFileReference; fileEncoding = 4; lastKnownFileType = text.json; path = "97-2牙醫學(三).json"; sourceTree = "<group>"; };
		E94574171F1C6F3800845C9C /* 97-2牙醫學(四).json */ = {isa = PBXFileReference; fileEncoding = 4; lastKnownFileType = text.json; path = "97-2牙醫學(四).json"; sourceTree = "<group>"; };
		E94574191F1C6F4600845C9C /* 97-2牙醫學(五).json */ = {isa = PBXFileReference; fileEncoding = 4; lastKnownFileType = text.json; path = "97-2牙醫學(五).json"; sourceTree = "<group>"; };
		E945741B1F1C6F4E00845C9C /* 97-2牙醫學(六).json */ = {isa = PBXFileReference; fileEncoding = 4; lastKnownFileType = text.json; path = "97-2牙醫學(六).json"; sourceTree = "<group>"; };
		E94F8BB51F14F45E007E43AD /* button_start.png */ = {isa = PBXFileReference; lastKnownFileType = image.png; path = button_start.png; sourceTree = "<group>"; };
		E94F8BB71F14F467007E43AD /* submit02.png */ = {isa = PBXFileReference; lastKnownFileType = image.png; path = submit02.png; sourceTree = "<group>"; };
		E94F8BB91F14F7B4007E43AD /* checked01.png */ = {isa = PBXFileReference; lastKnownFileType = image.png; path = checked01.png; sourceTree = "<group>"; };
		E94F8BBB1F14F7B9007E43AD /* uncheck01.png */ = {isa = PBXFileReference; lastKnownFileType = image.png; path = uncheck01.png; sourceTree = "<group>"; };
		E94F8BBD1F14FA19007E43AD /* submit 02.png */ = {isa = PBXFileReference; lastKnownFileType = image.png; path = "submit 02.png"; sourceTree = "<group>"; };
		E94F8BBF1F14FA1E007E43AD /* submit03.png */ = {isa = PBXFileReference; lastKnownFileType = image.png; path = submit03.png; sourceTree = "<group>"; };
		E95DCBD71F0651BC00DB7250 /* tab bar 2.swift */ = {isa = PBXFileReference; fileEncoding = 4; lastKnownFileType = sourcecode.swift; path = "tab bar 2.swift"; sourceTree = "<group>"; };
		E95DCBD91F0676B200DB7250 /* gameStartVC2.swift */ = {isa = PBXFileReference; fileEncoding = 4; lastKnownFileType = sourcecode.swift; path = gameStartVC2.swift; sourceTree = "<group>"; };
		E9745DBC1F062CD500902CAC /* aaa.json */ = {isa = PBXFileReference; fileEncoding = 4; lastKnownFileType = text.json; path = aaa.json; sourceTree = "<group>"; };
		E97B59881F16457400E743AA /* icon@2x.png */ = {isa = PBXFileReference; lastKnownFileType = image.png; path = "icon@2x.png"; sourceTree = "<group>"; };
		E97B598A1F16457800E743AA /* icon@3x.png */ = {isa = PBXFileReference; lastKnownFileType = image.png; path = "icon@3x.png"; sourceTree = "<group>"; };
		E97B598C1F16527100E743AA /* details.png */ = {isa = PBXFileReference; lastKnownFileType = image.png; path = details.png; sourceTree = "<group>"; };
		E97B59921F1660E700E743AA /* 01.png */ = {isa = PBXFileReference; lastKnownFileType = image.png; path = 01.png; sourceTree = "<group>"; };
		E97B599E1F1667C800E743AA /* 02.png */ = {isa = PBXFileReference; lastKnownFileType = image.png; path = 02.png; sourceTree = "<group>"; };
		E97B82C91F073F0E0088882F /* SwiftyJSON.framework */ = {isa = PBXFileReference; lastKnownFileType = wrapper.framework; name = SwiftyJSON.framework; path = "../../../Library/Developer/Xcode/DerivedData/test-gxlkerhcxzywisadkzesvvkwlnsf/Build/Products/Debug-iphonesimulator/SwiftyJSON/SwiftyJSON.framework"; sourceTree = "<group>"; };
		E9997E4E1F0A4B9500CC2FDA /* ss.json */ = {isa = PBXFileReference; fileEncoding = 4; lastKnownFileType = text.json; path = ss.json; sourceTree = "<group>"; };
		E99CFDF91F18C2F300E30F93 /* 背景 05.png */ = {isa = PBXFileReference; lastKnownFileType = image.png; path = "背景 05.png"; sourceTree = "<group>"; };
		E99CFDFB1F18C4EE00E30F93 /* 背景 06.png */ = {isa = PBXFileReference; lastKnownFileType = image.png; path = "背景 06.png"; sourceTree = "<group>"; };
		E99CFDFD1F18C5A500E30F93 /* 配件 01.png */ = {isa = PBXFileReference; lastKnownFileType = image.png; path = "配件 01.png"; sourceTree = "<group>"; };
		E99CFE031F18C89500E30F93 /* Simulator Screen Shot 2017年7月14日 下午5.36.52.png */ = {isa = PBXFileReference; lastKnownFileType = image.png; path = "Simulator Screen Shot 2017年7月14日 下午5.36.52.png"; sourceTree = "<group>"; };
		E99CFE051F18C89900E30F93 /* Simulator Screen Shot 2017年7月14日 下午5.37.02.png */ = {isa = PBXFileReference; lastKnownFileType = image.png; path = "Simulator Screen Shot 2017年7月14日 下午5.37.02.png"; sourceTree = "<group>"; };
		E99CFE071F18E4EC00E30F93 /* icon  512.png */ = {isa = PBXFileReference; lastKnownFileType = image.png; path = "icon  512.png"; sourceTree = "<group>"; };
		E99CFE091F18EB6800E30F93 /* Simulator Screen Shot 2017年7月14日 下午8.06.11.png */ = {isa = PBXFileReference; lastKnownFileType = image.png; path = "Simulator Screen Shot 2017年7月14日 下午8.06.11.png"; sourceTree = "<group>"; };
		E99CFE0B1F18EB7100E30F93 /* Simulator Screen Shot 2017年7月14日 下午8.05.57.png */ = {isa = PBXFileReference; lastKnownFileType = image.png; path = "Simulator Screen Shot 2017年7月14日 下午8.05.57.png"; sourceTree = "<group>"; };
		E99CFE0D1F18EB7500E30F93 /* Simulator Screen Shot 2017年7月14日 下午8.06.19.png */ = {isa = PBXFileReference; lastKnownFileType = image.png; path = "Simulator Screen Shot 2017年7月14日 下午8.06.19.png"; sourceTree = "<group>"; };
		E99CFE0F1F18ECD300E30F93 /* 3.png */ = {isa = PBXFileReference; lastKnownFileType = image.png; path = 3.png; sourceTree = "<group>"; };
		E99CFE101F18ECD300E30F93 /* 5.png */ = {isa = PBXFileReference; lastKnownFileType = image.png; path = 5.png; sourceTree = "<group>"; };
		E99CFE111F18ECD300E30F93 /* 1.png */ = {isa = PBXFileReference; lastKnownFileType = image.png; path = 1.png; sourceTree = "<group>"; };
		E99CFE121F18ECD300E30F93 /* 2.png */ = {isa = PBXFileReference; lastKnownFileType = image.png; path = 2.png; sourceTree = "<group>"; };
		E99CFE131F18ECD300E30F93 /* 4.png */ = {isa = PBXFileReference; lastKnownFileType = image.png; path = 4.png; sourceTree = "<group>"; };
		E99CFE191F18F9F300E30F93 /* 105-1牙醫學(六).json */ = {isa = PBXFileReference; fileEncoding = 4; lastKnownFileType = text.json; name = "105-1牙醫學(六).json"; path = "牙醫/105-1牙醫學(六).json"; sourceTree = "<group>"; };
		E9ADD1421F0CFA3F0064F890 /* 解剖_骨盆會陰.json */ = {isa = PBXFileReference; fileEncoding = 4; lastKnownFileType = text.json; path = "解剖_骨盆會陰.json"; sourceTree = "<group>"; };
		E9ADD1441F0CFAF20064F890 /* 解剖_神解.json */ = {isa = PBXFileReference; fileEncoding = 4; lastKnownFileType = text.json; path = "解剖_神解.json"; sourceTree = "<group>"; };
		E9ADD1481F0D03690064F890 /* tab_bar_1.swift */ = {isa = PBXFileReference; fileEncoding = 4; lastKnownFileType = sourcecode.swift; name = tab_bar_1.swift; path = ../tab_bar_1.swift; sourceTree = "<group>"; };
		E9ADD14A1F0D059D0064F890 /* 解剖_四肢.json */ = {isa = PBXFileReference; fileEncoding = 4; lastKnownFileType = text.json; path = "解剖_四肢.json"; sourceTree = "<group>"; };
		E9ADD14E1F0D08EA0064F890 /* 解剖_胸背腹.json */ = {isa = PBXFileReference; fileEncoding = 4; lastKnownFileType = text.json; path = "解剖_胸背腹.json"; sourceTree = "<group>"; };
		E9ADD1501F0D093A0064F890 /* 微免_免疫.json */ = {isa = PBXFileReference; fileEncoding = 4; lastKnownFileType = text.json; path = "微免_免疫.json"; sourceTree = "<group>"; };
		E9ADD1521F0D09B10064F890 /* 微免_微生物.json */ = {isa = PBXFileReference; fileEncoding = 4; lastKnownFileType = text.json; path = "微免_微生物.json"; sourceTree = "<group>"; };
		E9ADD1561F0D0EDC0064F890 /* 解剖_頭頸.json */ = {isa = PBXFileReference; fileEncoding = 4; lastKnownFileType = text.json; path = "解剖_頭頸.json"; sourceTree = "<group>"; };
		E9B3619C1F174D8C006F599F /* backBtn.png */ = {isa = PBXFileReference; lastKnownFileType = image.png; path = backBtn.png; sourceTree = "<group>"; };
		E9D28B701F13BFF600139B54 /* 106-1牙醫學(六).json */ = {isa = PBXFileReference; fileEncoding = 4; lastKnownFileType = text.json; path = "106-1牙醫學(六).json"; sourceTree = "<group>"; };
		E9F4BEDC1F17403300C02AA6 /* details 1.png */ = {isa = PBXFileReference; lastKnownFileType = image.png; path = "details 1.png"; sourceTree = "<group>"; };
		E9F4BEDE1F17416500C02AA6 /* 背景 01.png */ = {isa = PBXFileReference; lastKnownFileType = image.png; path = "背景 01.png"; sourceTree = "<group>"; };
		E9F4BEE01F17462800C02AA6 /* 背景 02.png */ = {isa = PBXFileReference; lastKnownFileType = image.png; path = "背景 02.png"; sourceTree = "<group>"; };
		E9F4BEE21F1748E600C02AA6 /* 背景 03.png */ = {isa = PBXFileReference; lastKnownFileType = image.png; path = "背景 03.png"; sourceTree = "<group>"; };
		E9F4BEE41F17497400C02AA6 /* 背景 04.png */ = {isa = PBXFileReference; lastKnownFileType = image.png; path = "背景 04.png"; sourceTree = "<group>"; };
		E9F4BEE61F174A7B00C02AA6 /* ThanksVC.swift */ = {isa = PBXFileReference; fileEncoding = 4; lastKnownFileType = sourcecode.swift; path = ThanksVC.swift; sourceTree = "<group>"; };
/* End PBXFileReference section */

/* Begin PBXFrameworksBuildPhase section */
		DB6995E01F02ED7A0093F955 /* Frameworks */ = {
			isa = PBXFrameworksBuildPhase;
			buildActionMask = 2147483647;
			files = (
				E97B82CA1F073F0E0088882F /* SwiftyJSON.framework in Frameworks */,
				04F4CC29F5A78A945E7AB590 /* Pods_test.framework in Frameworks */,
			);
			runOnlyForDeploymentPostprocessing = 0;
		};
/* End PBXFrameworksBuildPhase section */

/* Begin PBXGroup section */
		DB6995DA1F02ED7A0093F955 = {
			isa = PBXGroup;
			children = (
				DB6995E51F02ED7A0093F955 /* test */,
				DB6995E41F02ED7A0093F955 /* Products */,
				E86FD2B79AD664DC8D83A04C /* Pods */,
				F690D379C84DA33CF22DEF9F /* Frameworks */,
			);
			sourceTree = "<group>";
		};
		DB6995E41F02ED7A0093F955 /* Products */ = {
			isa = PBXGroup;
			children = (
				DB6995E31F02ED7A0093F955 /* twnationalexam.app */,
			);
			name = Products;
			sourceTree = "<group>";
		};
		DB6995E51F02ED7A0093F955 /* test */ = {
			isa = PBXGroup;
			children = (
				E97B59951F1662C800E743AA /* simulator image */,
				E9ADD1581F0D13FE0064F890 /* imgs */,
				E9ADD1411F0CFA3F0064F890 /* questions */,
				DB6995E61F02ED7A0093F955 /* AppDelegate.swift */,
				DB6995E81F02ED7B0093F955 /* ViewController.swift */,
				DB6995EA1F02ED7B0093F955 /* Main.storyboard */,
				DB6995ED1F02ED7B0093F955 /* Assets.xcassets */,
				DB6995EF1F02ED7B0093F955 /* LaunchScreen.storyboard */,
				E9ADD1481F0D03690064F890 /* tab_bar_1.swift */,
				E95DCBD71F0651BC00DB7250 /* tab bar 2.swift */,
				DB6995F21F02ED7B0093F955 /* Info.plist */,
				DB6995F81F02EFA30093F955 /* inVC.swift */,
				DB6995FA1F02F0550093F955 /* MainNavigationController.swift */,
				DB6995FC1F02F39E0093F955 /* gameStartVC.swift */,
				E95DCBD91F0676B200DB7250 /* gameStartVC2.swift */,
				E9F4BEE61F174A7B00C02AA6 /* ThanksVC.swift */,
				DB6996001F0389520093F955 /* data.json */,
				E9745DBC1F062CD500902CAC /* aaa.json */,
				E9997E4E1F0A4B9500CC2FDA /* ss.json */,
			);
			path = test;
			sourceTree = "<group>";
		};
		DBAC62601F1A898C0046A82A /* 106牙醫國考 */ = {
			isa = PBXGroup;
			children = (
				DBAC624A1F1A73350046A82A /* 106-1牙醫學(ㄧ).json */,
				DBAC62481F1A731F0046A82A /* 106-1牙醫學(二).json */,
				DBAC62461F1A73030046A82A /* 106-1牙醫學(三).json */,
				DBAC62441F1A72850046A82A /* 106-1牙醫學(四).json */,
				DBAC62421F1A69E90046A82A /* 106-1牙醫學(五).json */,
				E9D28B701F13BFF600139B54 /* 106-1牙醫學(六).json */,
			);
			name = "106牙醫國考";
			sourceTree = "<group>";
		};
		DBAC62611F1A89D10046A82A /* 105牙醫國考 */ = {
			isa = PBXGroup;
			children = (
				DBAC625E1F1A89720046A82A /* 105-1牙醫學(ㄧ).json */,
				DBAC625C1F1A89520046A82A /* 105-1牙醫學(二).json */,
				DBAC625A1F1A89400046A82A /* 105-1牙醫學(三).json */,
				DBAC62581F1A89230046A82A /* 105-1牙醫學(四).json */,
				DBAC62561F1A890B0046A82A /* 105-1牙醫學(五).json */,
				E99CFE191F18F9F300E30F93 /* 105-1牙醫學(六).json */,
				DBAC62541F1A88E60046A82A /* 105-2牙醫學(ㄧ).json */,
				DBAC62521F1A88CE0046A82A /* 105-2牙醫學(二).json */,
				DBAC62501F1A88A80046A82A /* 105-2牙醫學(三).json */,
				DBAC624E1F1A86980046A82A /* 105-2牙醫學(四).json */,
				DBAC624C1F1A863C0046A82A /* 105-2牙醫學(五).json */,
				DB23B0251F19CEA400518A43 /* 105-2牙醫學(六).json */,
			);
			name = "105牙醫國考";
			sourceTree = "<group>";
		};
		DBFA5C021F1BC82D00B98B00 /* 104牙醫國考 */ = {
			isa = PBXGroup;
			children = (
				DB23B0271F19ED4F00518A43 /* 104-2牙醫學(六).json */,
				DBFA5C0D1F1BCF8800B98B00 /* 104-2牙醫學(五).json */,
				DBFA5C0F1F1BCFA900B98B00 /* 104-2牙醫學(四).json */,
				DBFA5C111F1BD17600B98B00 /* 104-2牙醫學(三).json */,
				DBFA5C131F1BD1A000B98B00 /* 104-2牙醫學(二).json */,
				DBFA5C151F1BD1B200B98B00 /* 104-2牙醫學(一).json */,
				DB23B02B1F19F19300518A43 /* 104-1牙醫學(六).json */,
				DBFA5C031F1BC87A00B98B00 /* 104-1牙醫學(五).json */,
				DBFA5C051F1BCA7E00B98B00 /* 104-1牙醫學(四).json */,
				DBFA5C071F1BCABE00B98B00 /* 104-1牙醫學(三).json */,
				DBFA5C091F1BCBEB00B98B00 /* 104-1牙醫學(二).json */,
				DBFA5C0B1F1BCF7500B98B00 /* 104-1牙醫學(一).json */,
			);
			name = "104牙醫國考";
			sourceTree = "<group>";
		};
		DBFA5C171F1BD1B900B98B00 /* 103牙醫國考 */ = {
			isa = PBXGroup;
			children = (
				DB23B02D1F19F1B100518A43 /* 103-1牙醫學(六).json */,
				E94573811F1C68C000845C9C /* 103-1牙醫學(五).json */,
				E94573831F1C68CC00845C9C /* 103-1牙醫學(四).json */,
				E94573851F1C68D500845C9C /* 103-1牙醫學(三).json */,
				E94573871F1C68DF00845C9C /* 103-1牙醫學(二).json */,
				E94573891F1C68E900845C9C /* 103-1牙醫學(一).json */,
				DB23B02F1F19F1C700518A43 /* 103-2牙醫學(六).json */,
				E94573771F1C687A00845C9C /* 103-2牙醫學(五).json */,
				E94573791F1C688E00845C9C /* 103-2牙醫學(四).json */,
				E945737B1F1C689900845C9C /* 103-2牙醫學(三).json */,
				E945737D1F1C68A500845C9C /* 103-2牙醫學(二).json */,
				E945737F1F1C68AE00845C9C /* 103-2牙醫學(一).json */,
			);
			name = "103牙醫國考";
			sourceTree = "<group>";
		};
		DBFA5C181F1BD1F500B98B00 /* 102牙醫國考 */ = {
			isa = PBXGroup;
			children = (
				DBAC62401F1A27930046A82A /* 102-1牙醫學(六).json */,
				E945738B1F1C690800845C9C /* 102-1牙醫學(五).json */,
				E945738D1F1C691200845C9C /* 102-1牙醫學(四).json */,
				E945738F1F1C691C00845C9C /* 102-1牙醫學(三).json */,
				E94573911F1C692F00845C9C /* 102-1牙醫學(二).json */,
				E94573931F1C693900845C9C /* 102-1牙醫學(一).json */,
				DB23B0341F1A21DA00518A43 /* 102-2牙醫學(六).json */,
				E94573951F1C694800845C9C /* 102-2牙醫學(五).json */,
				E94573971F1C695200845C9C /* 102-2牙醫學(四).json */,
				E94573991F1C696100845C9C /* 102-2牙醫學(三).json */,
				E945739B1F1C696C00845C9C /* 102-2牙醫學(二).json */,
				E945739D1F1C697700845C9C /* 102-2牙醫學(一).json */,
			);
			name = "102牙醫國考";
			sourceTree = "<group>";
		};
		E86FD2B79AD664DC8D83A04C /* Pods */ = {
			isa = PBXGroup;
			children = (
				732971D2FDDA4F15D4C3BB7F /* Pods-test.debug.xcconfig */,
				0EFF6EBBE135B4BB7DAB1364 /* Pods-test.release.xcconfig */,
			);
			name = Pods;
			sourceTree = "<group>";
		};
		E945739F1F1C699000845C9C /* 101牙醫國考 */ = {
			isa = PBXGroup;
			children = (
				E94573A01F1C69AF00845C9C /* 101-1牙醫學(六).json */,
				E94573A21F1C69B700845C9C /* 101-1牙醫學(五).json */,
				E94573A41F1C69C100845C9C /* 101-1牙醫學(四).json */,
				E94573A61F1C69CB00845C9C /* 101-1牙醫學(三).json */,
				E94573A81F1C69D500845C9C /* 101-1牙醫學(二).json */,
				E94573AA1F1C69DE00845C9C /* 101-1牙醫學(一).json */,
				E94573AC1F1C69E800845C9C /* 101-2牙醫學(六).json */,
				E94573AE1F1C69FC00845C9C /* 101-2牙醫學(五).json */,
				E94573B01F1C6A0600845C9C /* 101-2牙醫學(四).json */,
				E94573B21F1C6A1100845C9C /* 101-2牙醫學(三).json */,
				E94573B41F1C6A1900845C9C /* 101-2牙醫學(二).json */,
				E94573B61F1C6A2200845C9C /* 101-2牙醫學(一).json */,
			);
			name = "101牙醫國考";
			sourceTree = "<group>";
		};
		E94573B81F1C6B1600845C9C /* 醫學 */ = {
			isa = PBXGroup;
			children = (
				E9ADD1521F0D09B10064F890 /* 微免_微生物.json */,
				E9ADD1501F0D093A0064F890 /* 微免_免疫.json */,
				E9ADD14E1F0D08EA0064F890 /* 解剖_胸背腹.json */,
				E9ADD1561F0D0EDC0064F890 /* 解剖_頭頸.json */,
				E9ADD14A1F0D059D0064F890 /* 解剖_四肢.json */,
				E9ADD1441F0CFAF20064F890 /* 解剖_神解.json */,
				E9ADD1421F0CFA3F0064F890 /* 解剖_骨盆會陰.json */,
			);
			name = "醫學";
			sourceTree = "<group>";
		};
		E94573B91F1C6B4E00845C9C /* 100牙醫國考 */ = {
			isa = PBXGroup;
			children = (
				E94573BA1F1C6B7A00845C9C /* 100-1牙醫學(一).json */,
				E94573BC1F1C6B8700845C9C /* 100-1牙醫學(二).json */,
				E94573BE1F1C6B9700845C9C /* 100-1牙醫學(三).json */,
				E94573C01F1C6BA000845C9C /* 100-1牙醫學(四).json */,
				E94573C21F1C6BAA00845C9C /* 100-1牙醫學(五).json */,
				E94573C41F1C6BB300845C9C /* 100-1牙醫學(六).json */,
				E94573C61F1C6BBC00845C9C /* 100-2牙醫學(一).json */,
				E94573C81F1C6BCB00845C9C /* 100-2牙醫學(二).json */,
				E94573CA1F1C6BD900845C9C /* 100-2牙醫學(三).json */,
				E94573CC1F1C6BE200845C9C /* 100-2牙醫學(四).json */,
				E94573CE1F1C6BEF00845C9C /* 100-2牙醫學(五).json */,
				E94573D01F1C6BFA00845C9C /* 100-2牙醫學(六).json */,
			);
			name = "100牙醫國考";
			sourceTree = "<group>";
		};
		E94573D21F1C6C5100845C9C /* 99牙醫國考 */ = {
			isa = PBXGroup;
			children = (
				E94573D51F1C6C8400845C9C /* 99-1牙醫學(一).json */,
				E94573D31F1C6C6B00845C9C /* 99-1牙醫學(二).json */,
				E94573D71F1C6C9F00845C9C /* 99-1牙醫學(三).json */,
				E94573D91F1C6CA800845C9C /* 99-1牙醫學(四).json */,
				E94573DB1F1C6CB200845C9C /* 99-1牙醫學(五).json */,
				E94573DD1F1C6CBB00845C9C /* 99-1牙醫學(六).json */,
				E94573DF1F1C6CC900845C9C /* 99-2牙醫學(一).json */,
				E94573E11F1C6CD200845C9C /* 99-2牙醫學(二).json */,
				E94573E31F1C6CDE00845C9C /* 99-2牙醫學(三).json */,
				E94573E51F1C6DD100845C9C /* 99-2牙醫學(四).json */,
				E94573E71F1C6DE100845C9C /* 99-2牙醫學(五).json */,
				E94573E91F1C6DF600845C9C /* 99-2牙醫學(六).json */,
			);
			name = "99牙醫國考";
			sourceTree = "<group>";
		};
		E94573EB1F1C6E2900845C9C /* 98牙醫國考 */ = {
			isa = PBXGroup;
			children = (
				E94573EC1F1C6E3E00845C9C /* 98-1牙醫學(一).json */,
				E94573EE1F1C6E4D00845C9C /* 98-1牙醫學(二).json */,
				E94573F01F1C6E5500845C9C /* 98-1牙醫學(三).json */,
				E94573F21F1C6E6100845C9C /* 98-1牙醫學(四).json */,
				E94573F41F1C6E6C00845C9C /* 98-1牙醫學(五).json */,
				E94573F61F1C6E7600845C9C /* 98-1牙醫學(六).json */,
				E94573F81F1C6E8A00845C9C /* 98-2牙醫學(一).json */,
				E94573FA1F1C6E9200845C9C /* 98-2牙醫學(二).json */,
				E94573FC1F1C6E9A00845C9C /* 98-2牙醫學(三).json */,
				E94573FE1F1C6EA300845C9C /* 98-2牙醫學(四).json */,
				E94574001F1C6EAC00845C9C /* 98-2牙醫學(五).json */,
				E94574021F1C6EB400845C9C /* 98-2牙醫學(六).json */,
			);
			name = "98牙醫國考";
			sourceTree = "<group>";
		};
		E94574041F1C6EBA00845C9C /* 97牙醫國考 */ = {
			isa = PBXGroup;
			children = (
				E94574051F1C6ECE00845C9C /* 97-1牙醫學(ㄧ).json */,
				E94574071F1C6EDF00845C9C /* 97-1牙醫學(二).json */,
				E94574091F1C6EE800845C9C /* 97-1牙醫學(三).json */,
				E945740B1F1C6EF400845C9C /* 97-1牙醫學(四).json */,
				E945740D1F1C6EFF00845C9C /* 97-1牙醫學(五).json */,
				E945740F1F1C6F0800845C9C /* 97-1牙醫學(六).json */,
				E94574111F1C6F1800845C9C /* 97-2牙醫學(ㄧ).json */,
				E94574131F1C6F2300845C9C /* 97-2牙醫學(二).json */,
				E94574151F1C6F2C00845C9C /* 97-2牙醫學(三).json */,
				E94574171F1C6F3800845C9C /* 97-2牙醫學(四).json */,
				E94574191F1C6F4600845C9C /* 97-2牙醫學(五).json */,
				E945741B1F1C6F4E00845C9C /* 97-2牙醫學(六).json */,
			);
			name = "97牙醫國考";
			sourceTree = "<group>";
		};
		E97B59951F1662C800E743AA /* simulator image */ = {
			isa = PBXGroup;
			children = (
				E99CFE0D1F18EB7500E30F93 /* Simulator Screen Shot 2017年7月14日 下午8.06.19.png */,
				E99CFE0F1F18ECD300E30F93 /* 3.png */,
				E99CFE101F18ECD300E30F93 /* 5.png */,
				E99CFE111F18ECD300E30F93 /* 1.png */,
				E99CFE121F18ECD300E30F93 /* 2.png */,
				E99CFE131F18ECD300E30F93 /* 4.png */,
				E99CFE0B1F18EB7100E30F93 /* Simulator Screen Shot 2017年7月14日 下午8.05.57.png */,
				E99CFE091F18EB6800E30F93 /* Simulator Screen Shot 2017年7月14日 下午8.06.11.png */,
				E99CFE031F18C89500E30F93 /* Simulator Screen Shot 2017年7月14日 下午5.36.52.png */,
				E99CFE051F18C89900E30F93 /* Simulator Screen Shot 2017年7月14日 下午5.37.02.png */,
			);
			name = "simulator image";
			sourceTree = "<group>";
		};
		E9ADD1411F0CFA3F0064F890 /* questions */ = {
			isa = PBXGroup;
			children = (
				E94574041F1C6EBA00845C9C /* 97牙醫國考 */,
				E94573EB1F1C6E2900845C9C /* 98牙醫國考 */,
				E94573D21F1C6C5100845C9C /* 99牙醫國考 */,
				E94573B91F1C6B4E00845C9C /* 100牙醫國考 */,
				E945739F1F1C699000845C9C /* 101牙醫國考 */,
				DBFA5C181F1BD1F500B98B00 /* 102牙醫國考 */,
				DBFA5C171F1BD1B900B98B00 /* 103牙醫國考 */,
				DBFA5C021F1BC82D00B98B00 /* 104牙醫國考 */,
				DBAC62611F1A89D10046A82A /* 105牙醫國考 */,
				DBAC62601F1A898C0046A82A /* 106牙醫國考 */,
				E94573B81F1C6B1600845C9C /* 醫學 */,
				DB23B0321F1A193800518A43 /* 缺題題號 */,
			);
			path = questions;
			sourceTree = "<group>";
		};
		E9ADD1581F0D13FE0064F890 /* imgs */ = {
			isa = PBXGroup;
			children = (
				E9F4BEDC1F17403300C02AA6 /* details 1.png */,
				E99CFDFD1F18C5A500E30F93 /* 配件 01.png */,
				E9F4BEE01F17462800C02AA6 /* 背景 02.png */,
				E9F4BEE21F1748E600C02AA6 /* 背景 03.png */,
				E9F4BEE41F17497400C02AA6 /* 背景 04.png */,
				E9F4BEDE1F17416500C02AA6 /* 背景 01.png */,
				E99CFDFB1F18C4EE00E30F93 /* 背景 06.png */,
				E99CFDF91F18C2F300E30F93 /* 背景 05.png */,
				E99CFE071F18E4EC00E30F93 /* icon  512.png */,
				E9B3619C1F174D8C006F599F /* backBtn.png */,
				E97B59921F1660E700E743AA /* 01.png */,
				E97B599E1F1667C800E743AA /* 02.png */,
				E97B598C1F16527100E743AA /* details.png */,
				E97B598A1F16457800E743AA /* icon@3x.png */,
				E97B59881F16457400E743AA /* icon@2x.png */,
				E94F8BB71F14F467007E43AD /* submit02.png */,
				E94F8BBD1F14FA19007E43AD /* submit 02.png */,
				E94F8BBB1F14F7B9007E43AD /* uncheck01.png */,
				E94F8BBF1F14FA1E007E43AD /* submit03.png */,
				E94F8BB91F14F7B4007E43AD /* checked01.png */,
				E94F8BB51F14F45E007E43AD /* button_start.png */,
			);
			path = imgs;
			sourceTree = "<group>";
		};
		F690D379C84DA33CF22DEF9F /* Frameworks */ = {
			isa = PBXGroup;
			children = (
				E97B82C91F073F0E0088882F /* SwiftyJSON.framework */,
				B90FD4554ABBBEC1956C340E /* Pods_test.framework */,
			);
			name = Frameworks;
			sourceTree = "<group>";
		};
/* End PBXGroup section */

/* Begin PBXNativeTarget section */
		DB6995E21F02ED7A0093F955 /* twnationalexam */ = {
			isa = PBXNativeTarget;
			buildConfigurationList = DB6995F51F02ED7B0093F955 /* Build configuration list for PBXNativeTarget "twnationalexam" */;
			buildPhases = (
				DB36DC476F207E253BFE2C68 /* [CP] Check Pods Manifest.lock */,
				DB6995DF1F02ED7A0093F955 /* Sources */,
				DB6995E01F02ED7A0093F955 /* Frameworks */,
				DB6995E11F02ED7A0093F955 /* Resources */,
				E6C6764FF6D98AC45D36CA43 /* [CP] Embed Pods Frameworks */,
				6528B333E7A67C7DF4B13834 /* [CP] Copy Pods Resources */,
			);
			buildRules = (
			);
			dependencies = (
			);
			name = twnationalexam;
			productName = test;
			productReference = DB6995E31F02ED7A0093F955 /* twnationalexam.app */;
			productType = "com.apple.product-type.application";
		};
/* End PBXNativeTarget section */

/* Begin PBXProject section */
		DB6995DB1F02ED7A0093F955 /* Project object */ = {
			isa = PBXProject;
			attributes = {
				LastSwiftUpdateCheck = 0830;
				LastUpgradeCheck = 0830;
				ORGANIZATIONNAME = "Root HSZ HSU";
				TargetAttributes = {
					DB6995E21F02ED7A0093F955 = {
						CreatedOnToolsVersion = 8.3.3;
						DevelopmentTeam = YA254K67W3;
						ProvisioningStyle = Automatic;
					};
				};
			};
			buildConfigurationList = DB6995DE1F02ED7A0093F955 /* Build configuration list for PBXProject "test" */;
			compatibilityVersion = "Xcode 3.2";
			developmentRegion = English;
			hasScannedForEncodings = 0;
			knownRegions = (
				en,
				Base,
			);
			mainGroup = DB6995DA1F02ED7A0093F955;
			productRefGroup = DB6995E41F02ED7A0093F955 /* Products */;
			projectDirPath = "";
			projectRoot = "";
			targets = (
				DB6995E21F02ED7A0093F955 /* twnationalexam */,
			);
		};
/* End PBXProject section */

/* Begin PBXResourcesBuildPhase section */
		DB6995E11F02ED7A0093F955 /* Resources */ = {
			isa = PBXResourcesBuildPhase;
			buildActionMask = 2147483647;
			files = (
				DBFA5C061F1BCA7E00B98B00 /* 104-1牙醫學(四).json in Resources */,
				E94573921F1C692F00845C9C /* 102-1牙醫學(二).json in Resources */,
				E94573AD1F1C69E800845C9C /* 101-2牙醫學(六).json in Resources */,
				DB23B02C1F19F19300518A43 /* 104-1牙醫學(六).json in Resources */,
				E945739C1F1C696C00845C9C /* 102-2牙醫學(二).json in Resources */,
				DB23B02E1F19F1B100518A43 /* 103-1牙醫學(六).json in Resources */,
				E94573881F1C68DF00845C9C /* 103-1牙醫學(二).json in Resources */,
				E99CFE0A1F18EB6800E30F93 /* Simulator Screen Shot 2017年7月14日 下午8.06.11.png in Resources */,
				E9ADD14F1F0D08EA0064F890 /* 解剖_胸背腹.json in Resources */,
				E94573861F1C68D500845C9C /* 103-1牙醫學(三).json in Resources */,
				E94573E81F1C6DE100845C9C /* 99-2牙醫學(五).json in Resources */,
				DBFA5C081F1BCABE00B98B00 /* 104-1牙醫學(三).json in Resources */,
				E94573EF1F1C6E4D00845C9C /* 98-1牙醫學(二).json in Resources */,
				E94574141F1C6F2300845C9C /* 97-2牙醫學(二).json in Resources */,
				DB23B0301F19F1C700518A43 /* 103-2牙醫學(六).json in Resources */,
				E9ADD1431F0CFA3F0064F890 /* 解剖_骨盆會陰.json in Resources */,
				DB6995F11F02ED7B0093F955 /* LaunchScreen.storyboard in Resources */,
				E94F8BB81F14F467007E43AD /* submit02.png in Resources */,
				E94F8BB61F14F45E007E43AD /* button_start.png in Resources */,
				E94573D41F1C6C6B00845C9C /* 99-1牙醫學(二).json in Resources */,
				DBFA5C0E1F1BCF8800B98B00 /* 104-2牙醫學(五).json in Resources */,
				E9F4BEE11F17462800C02AA6 /* 背景 02.png in Resources */,
				E94573841F1C68CC00845C9C /* 103-1牙醫學(四).json in Resources */,
				E94574121F1C6F1800845C9C /* 97-2牙醫學(ㄧ).json in Resources */,
				E94573F51F1C6E6C00845C9C /* 98-1牙醫學(五).json in Resources */,
				E9D28B711F13BFF600139B54 /* 106-1牙醫學(六).json in Resources */,
				E945741A1F1C6F4600845C9C /* 97-2牙醫學(五).json in Resources */,
				E99CFE041F18C89500E30F93 /* Simulator Screen Shot 2017年7月14日 下午5.36.52.png in Resources */,
				E94573781F1C687A00845C9C /* 103-2牙醫學(五).json in Resources */,
				E9ADD1511F0D093A0064F890 /* 微免_免疫.json in Resources */,
				E97B598D1F16527100E743AA /* details.png in Resources */,
				E94573B51F1C6A1900845C9C /* 101-2牙醫學(二).json in Resources */,
				E94573A51F1C69C100845C9C /* 101-1牙醫學(四).json in Resources */,
				E94573B71F1C6A2200845C9C /* 101-2牙醫學(一).json in Resources */,
				E94573F71F1C6E7600845C9C /* 98-1牙醫學(六).json in Resources */,
				E99CFE0E1F18EB7500E30F93 /* Simulator Screen Shot 2017年7月14日 下午8.06.19.png in Resources */,
				E945737E1F1C68A500845C9C /* 103-2牙醫學(二).json in Resources */,
				E94573961F1C694800845C9C /* 102-2牙醫學(五).json in Resources */,
				E94573A71F1C69CB00845C9C /* 101-1牙醫學(三).json in Resources */,
				E94573C31F1C6BAA00845C9C /* 100-1牙醫學(五).json in Resources */,
				E99CFDFE1F18C5A500E30F93 /* 配件 01.png in Resources */,
				E94574161F1C6F2C00845C9C /* 97-2牙醫學(三).json in Resources */,
				DBAC624B1F1A73350046A82A /* 106-1牙醫學(ㄧ).json in Resources */,
				E94F8BC01F14FA1E007E43AD /* submit03.png in Resources */,
				DB6995EE1F02ED7B0093F955 /* Assets.xcassets in Resources */,
				E94573FD1F1C6E9A00845C9C /* 98-2牙醫學(三).json in Resources */,
				E94574181F1C6F3800845C9C /* 97-2牙醫學(四).json in Resources */,
				E945737A1F1C688E00845C9C /* 103-2牙醫學(四).json in Resources */,
				E9F4BEDD1F17403300C02AA6 /* details 1.png in Resources */,
				E99CFE081F18E4EC00E30F93 /* icon  512.png in Resources */,
				E9ADD1571F0D0EDC0064F890 /* 解剖_頭頸.json in Resources */,
				E94573BB1F1C6B7A00845C9C /* 100-1牙醫學(一).json in Resources */,
				DBFA5C141F1BD1A000B98B00 /* 104-2牙醫學(二).json in Resources */,
				E94573FF1F1C6EA300845C9C /* 98-2牙醫學(四).json in Resources */,
				E94573CB1F1C6BD900845C9C /* 100-2牙醫學(三).json in Resources */,
				DBAC62471F1A73030046A82A /* 106-1牙醫學(三).json in Resources */,
				E94574011F1C6EAC00845C9C /* 98-2牙醫學(五).json in Resources */,
				E94573ED1F1C6E3E00845C9C /* 98-1牙醫學(一).json in Resources */,
				E99CFE161F18ECD300E30F93 /* 1.png in Resources */,
				E94F8BBE1F14FA19007E43AD /* submit 02.png in Resources */,
				E94573901F1C691C00845C9C /* 102-1牙醫學(三).json in Resources */,
				E945738E1F1C691200845C9C /* 102-1牙醫學(四).json in Resources */,
				E945738C1F1C690800845C9C /* 102-1牙醫學(五).json in Resources */,
				E94573E41F1C6CDE00845C9C /* 99-2牙醫學(三).json in Resources */,
				DBAC624F1F1A86980046A82A /* 105-2牙醫學(四).json in Resources */,
				DB6995EC1F02ED7B0093F955 /* Main.storyboard in Resources */,
				E945740A1F1C6EE800845C9C /* 97-1牙醫學(三).json in Resources */,
				E9997E4F1F0A4B9500CC2FDA /* ss.json in Resources */,
				E9ADD1531F0D09B10064F890 /* 微免_微生物.json in Resources */,
				E94573C71F1C6BBC00845C9C /* 100-2牙醫學(一).json in Resources */,
				DBAC62551F1A88E60046A82A /* 105-2牙醫學(ㄧ).json in Resources */,
				E94573E01F1C6CC900845C9C /* 99-2牙醫學(一).json in Resources */,
				E9745DBD1F062CD500902CAC /* aaa.json in Resources */,
				E99CFE151F18ECD300E30F93 /* 5.png in Resources */,
				E94573801F1C68AE00845C9C /* 103-2牙醫學(一).json in Resources */,
				E94573DC1F1C6CB300845C9C /* 99-1牙醫學(五).json in Resources */,
				E94574031F1C6EB400845C9C /* 98-2牙醫學(六).json in Resources */,
				E94573A11F1C69AF00845C9C /* 101-1牙醫學(六).json in Resources */,
				E9F4BEE31F1748E600C02AA6 /* 背景 03.png in Resources */,
				E945738A1F1C68E900845C9C /* 103-1牙醫學(一).json in Resources */,
				E94573C11F1C6BA000845C9C /* 100-1牙醫學(四).json in Resources */,
				E94573E21F1C6CD200845C9C /* 99-2牙醫學(二).json in Resources */,
				DBFA5C121F1BD17600B98B00 /* 104-2牙醫學(三).json in Resources */,
				E94573CD1F1C6BE200845C9C /* 100-2牙醫學(四).json in Resources */,
				DBFA5C041F1BC87A00B98B00 /* 104-1牙醫學(五).json in Resources */,
				E945737C1F1C689900845C9C /* 103-2牙醫學(三).json in Resources */,
				E945740E1F1C6EFF00845C9C /* 97-1牙醫學(五).json in Resources */,
				E99CFE0C1F18EB7100E30F93 /* Simulator Screen Shot 2017年7月14日 下午8.05.57.png in Resources */,
				E94574061F1C6ECE00845C9C /* 97-1牙醫學(ㄧ).json in Resources */,
				E94573BD1F1C6B8700845C9C /* 100-1牙醫學(二).json in Resources */,
				DBAC62411F1A27930046A82A /* 102-1牙醫學(六).json in Resources */,
				DBAC624D1F1A863C0046A82A /* 105-2牙醫學(五).json in Resources */,
				E94573B31F1C6A1100845C9C /* 101-2牙醫學(三).json in Resources */,
				E945741C1F1C6F4E00845C9C /* 97-2牙醫學(六).json in Resources */,
				E94573D11F1C6BFA00845C9C /* 100-2牙醫學(六).json in Resources */,
				E94574081F1C6EDF00845C9C /* 97-1牙醫學(二).json in Resources */,
				E94573C51F1C6BB300845C9C /* 100-1牙醫學(六).json in Resources */,
				DBAC62431F1A69E90046A82A /* 106-1牙醫學(五).json in Resources */,
				E9ADD14B1F0D059D0064F890 /* 解剖_四肢.json in Resources */,
				DBAC62491F1A731F0046A82A /* 106-1牙醫學(二).json in Resources */,
				E97B59931F1660E700E743AA /* 01.png in Resources */,
				E94573A31F1C69B700845C9C /* 101-1牙醫學(五).json in Resources */,
				DBAC62511F1A88A80046A82A /* 105-2牙醫學(三).json in Resources */,
				E94573AB1F1C69DE00845C9C /* 101-1牙醫學(一).json in Resources */,
				E945739A1F1C696100845C9C /* 102-2牙醫學(三).json in Resources */,
				E94573981F1C695200845C9C /* 102-2牙醫學(四).json in Resources */,
				E99CFE061F18C89900E30F93 /* Simulator Screen Shot 2017年7月14日 下午5.37.02.png in Resources */,
				E94573AF1F1C69FC00845C9C /* 101-2牙醫學(五).json in Resources */,
				E94573941F1C693900845C9C /* 102-1牙醫學(一).json in Resources */,
				E94573C91F1C6BCB00845C9C /* 100-2牙醫學(二).json in Resources */,
				DB23B0281F19ED4F00518A43 /* 104-2牙醫學(六).json in Resources */,
				E99CFE141F18ECD300E30F93 /* 3.png in Resources */,
				DBAC625B1F1A89400046A82A /* 105-1牙醫學(三).json in Resources */,
				E94573A91F1C69D500845C9C /* 101-1牙醫學(二).json in Resources */,
				E99CFDFA1F18C2F300E30F93 /* 背景 05.png in Resources */,
				E9F4BEDF1F17416500C02AA6 /* 背景 01.png in Resources */,
				E97B598B1F16457800E743AA /* icon@3x.png in Resources */,
				DBAC62451F1A72850046A82A /* 106-1牙醫學(四).json in Resources */,
				E94573D81F1C6C9F00845C9C /* 99-1牙醫學(三).json in Resources */,
				E99CFE181F18ECD300E30F93 /* 4.png in Resources */,
				DBAC62571F1A890B0046A82A /* 105-1牙醫學(五).json in Resources */,
				E945740C1F1C6EF400845C9C /* 97-1牙醫學(四).json in Resources */,
				E94573821F1C68C000845C9C /* 103-1牙醫學(五).json in Resources */,
				DBFA5C101F1BCFA900B98B00 /* 104-2牙醫學(四).json in Resources */,
				DB23B0351F1A21DA00518A43 /* 102-2牙醫學(六).json in Resources */,
				E94573CF1F1C6BEF00845C9C /* 100-2牙醫學(五).json in Resources */,
				DBAC62591F1A89230046A82A /* 105-1牙醫學(四).json in Resources */,
				DBAC625D1F1A89520046A82A /* 105-1牙醫學(二).json in Resources */,
				E94573FB1F1C6E9200845C9C /* 98-2牙醫學(二).json in Resources */,
				E94573B11F1C6A0600845C9C /* 101-2牙醫學(四).json in Resources */,
				E97B59891F16457400E743AA /* icon@2x.png in Resources */,
				E945739E1F1C697700845C9C /* 102-2牙醫學(一).json in Resources */,
				E94574101F1C6F0800845C9C /* 97-1牙醫學(六).json in Resources */,
				DB23B0261F19CEA400518A43 /* 105-2牙醫學(六).json in Resources */,
				DBAC625F1F1A89720046A82A /* 105-1牙醫學(ㄧ).json in Resources */,
				DBFA5C0A1F1BCBEC00B98B00 /* 104-1牙醫學(二).json in Resources */,
				E99CFDFC1F18C4EE00E30F93 /* 背景 06.png in Resources */,
				E94573DE1F1C6CBB00845C9C /* 99-1牙醫學(六).json in Resources */,
				E94F8BBC1F14F7B9007E43AD /* uncheck01.png in Resources */,
				E94573D61F1C6C8400845C9C /* 99-1牙醫學(一).json in Resources */,
				DBFA5C161F1BD1B200B98B00 /* 104-2牙醫學(一).json in Resources */,
				DBFA5C0C1F1BCF7500B98B00 /* 104-1牙醫學(一).json in Resources */,
				E94573BF1F1C6B9700845C9C /* 100-1牙醫學(三).json in Resources */,
				E94F8BBA1F14F7B4007E43AD /* checked01.png in Resources */,
				E94573F91F1C6E8A00845C9C /* 98-2牙醫學(一).json in Resources */,
				E97B599F1F1667C800E743AA /* 02.png in Resources */,
				E94573EA1F1C6DF600845C9C /* 99-2牙醫學(六).json in Resources */,
				E94573F31F1C6E6100845C9C /* 98-1牙醫學(四).json in Resources */,
				E99CFE171F18ECD300E30F93 /* 2.png in Resources */,
				E94573F11F1C6E5500845C9C /* 98-1牙醫學(三).json in Resources */,
				E9B3619D1F174D8C006F599F /* backBtn.png in Resources */,
				E94573DA1F1C6CA800845C9C /* 99-1牙醫學(四).json in Resources */,
				E9F4BEE51F17497400C02AA6 /* 背景 04.png in Resources */,
				DBAC62531F1A88CE0046A82A /* 105-2牙醫學(二).json in Resources */,
				E92699B11F03E66100F671A9 /* data.json in Resources */,
				E94573E61F1C6DD100845C9C /* 99-2牙醫學(四).json in Resources */,
				DB23B0331F1A193800518A43 /* 缺題題號 in Resources */,
				E9ADD1451F0CFAF20064F890 /* 解剖_神解.json in Resources */,
				E99CFE1A1F18F9F300E30F93 /* 105-1牙醫學(六).json in Resources */,
			);
			runOnlyForDeploymentPostprocessing = 0;
		};
/* End PBXResourcesBuildPhase section */

/* Begin PBXShellScriptBuildPhase section */
		6528B333E7A67C7DF4B13834 /* [CP] Copy Pods Resources */ = {
			isa = PBXShellScriptBuildPhase;
			buildActionMask = 2147483647;
			files = (
			);
			inputPaths = (
			);
			name = "[CP] Copy Pods Resources";
			outputPaths = (
			);
			runOnlyForDeploymentPostprocessing = 0;
			shellPath = /bin/sh;
			shellScript = "\"${SRCROOT}/Pods/Target Support Files/Pods-test/Pods-test-resources.sh\"\n";
			showEnvVarsInLog = 0;
		};
		DB36DC476F207E253BFE2C68 /* [CP] Check Pods Manifest.lock */ = {
			isa = PBXShellScriptBuildPhase;
			buildActionMask = 2147483647;
			files = (
			);
			inputPaths = (
			);
			name = "[CP] Check Pods Manifest.lock";
			outputPaths = (
			);
			runOnlyForDeploymentPostprocessing = 0;
			shellPath = /bin/sh;
			shellScript = "diff \"${PODS_PODFILE_DIR_PATH}/Podfile.lock\" \"${PODS_ROOT}/Manifest.lock\" > /dev/null\nif [ $? != 0 ] ; then\n    # print error to STDERR\n    echo \"error: The sandbox is not in sync with the Podfile.lock. Run 'pod install' or update your CocoaPods installation.\" >&2\n    exit 1\nfi\n";
			showEnvVarsInLog = 0;
		};
		E6C6764FF6D98AC45D36CA43 /* [CP] Embed Pods Frameworks */ = {
			isa = PBXShellScriptBuildPhase;
			buildActionMask = 2147483647;
			files = (
			);
			inputPaths = (
			);
			name = "[CP] Embed Pods Frameworks";
			outputPaths = (
			);
			runOnlyForDeploymentPostprocessing = 0;
			shellPath = /bin/sh;
			shellScript = "\"${SRCROOT}/Pods/Target Support Files/Pods-test/Pods-test-frameworks.sh\"\n";
			showEnvVarsInLog = 0;
		};
/* End PBXShellScriptBuildPhase section */

/* Begin PBXSourcesBuildPhase section */
		DB6995DF1F02ED7A0093F955 /* Sources */ = {
			isa = PBXSourcesBuildPhase;
			buildActionMask = 2147483647;
			files = (
				E95DCBD81F0651BC00DB7250 /* tab bar 2.swift in Sources */,
				DB6995E91F02ED7B0093F955 /* ViewController.swift in Sources */,
				E9F4BEE71F174A7B00C02AA6 /* ThanksVC.swift in Sources */,
				DB6995F91F02EFA30093F955 /* inVC.swift in Sources */,
				E95DCBDA1F0676B200DB7250 /* gameStartVC2.swift in Sources */,
				DB6995FD1F02F39E0093F955 /* gameStartVC.swift in Sources */,
				E9ADD1491F0D03690064F890 /* tab_bar_1.swift in Sources */,
				DB6995FB1F02F0550093F955 /* MainNavigationController.swift in Sources */,
				DB6995E71F02ED7B0093F955 /* AppDelegate.swift in Sources */,
			);
			runOnlyForDeploymentPostprocessing = 0;
		};
/* End PBXSourcesBuildPhase section */

/* Begin PBXVariantGroup section */
		DB6995EA1F02ED7B0093F955 /* Main.storyboard */ = {
			isa = PBXVariantGroup;
			children = (
				DB6995EB1F02ED7B0093F955 /* Base */,
			);
			name = Main.storyboard;
			sourceTree = "<group>";
		};
		DB6995EF1F02ED7B0093F955 /* LaunchScreen.storyboard */ = {
			isa = PBXVariantGroup;
			children = (
				DB6995F01F02ED7B0093F955 /* Base */,
			);
			name = LaunchScreen.storyboard;
			sourceTree = "<group>";
		};
/* End PBXVariantGroup section */

/* Begin XCBuildConfiguration section */
		DB6995F31F02ED7B0093F955 /* Debug */ = {
			isa = XCBuildConfiguration;
			buildSettings = {
				ALWAYS_SEARCH_USER_PATHS = NO;
				CLANG_ANALYZER_NONNULL = YES;
				CLANG_ANALYZER_NUMBER_OBJECT_CONVERSION = YES_AGGRESSIVE;
				CLANG_CXX_LANGUAGE_STANDARD = "gnu++0x";
				CLANG_CXX_LIBRARY = "libc++";
				CLANG_ENABLE_MODULES = YES;
				CLANG_ENABLE_OBJC_ARC = YES;
				CLANG_WARN_BOOL_CONVERSION = YES;
				CLANG_WARN_CONSTANT_CONVERSION = YES;
				CLANG_WARN_DIRECT_OBJC_ISA_USAGE = YES_ERROR;
				CLANG_WARN_DOCUMENTATION_COMMENTS = YES;
				CLANG_WARN_EMPTY_BODY = YES;
				CLANG_WARN_ENUM_CONVERSION = YES;
				CLANG_WARN_INFINITE_RECURSION = YES;
				CLANG_WARN_INT_CONVERSION = YES;
				CLANG_WARN_OBJC_ROOT_CLASS = YES_ERROR;
				CLANG_WARN_SUSPICIOUS_MOVE = YES;
				CLANG_WARN_UNREACHABLE_CODE = YES;
				CLANG_WARN__DUPLICATE_METHOD_MATCH = YES;
				"CODE_SIGN_IDENTITY[sdk=iphoneos*]" = "iPhone Developer";
				COPY_PHASE_STRIP = NO;
				DEBUG_INFORMATION_FORMAT = dwarf;
				ENABLE_STRICT_OBJC_MSGSEND = YES;
				ENABLE_TESTABILITY = YES;
				GCC_C_LANGUAGE_STANDARD = gnu99;
				GCC_DYNAMIC_NO_PIC = NO;
				GCC_NO_COMMON_BLOCKS = YES;
				GCC_OPTIMIZATION_LEVEL = 0;
				GCC_PREPROCESSOR_DEFINITIONS = (
					"DEBUG=1",
					"$(inherited)",
				);
				GCC_WARN_64_TO_32_BIT_CONVERSION = YES;
				GCC_WARN_ABOUT_RETURN_TYPE = YES_ERROR;
				GCC_WARN_UNDECLARED_SELECTOR = YES;
				GCC_WARN_UNINITIALIZED_AUTOS = YES_AGGRESSIVE;
				GCC_WARN_UNUSED_FUNCTION = YES;
				GCC_WARN_UNUSED_VARIABLE = YES;
				IPHONEOS_DEPLOYMENT_TARGET = 10.3;
				MTL_ENABLE_DEBUG_INFO = YES;
				ONLY_ACTIVE_ARCH = YES;
				SDKROOT = iphoneos;
				SWIFT_ACTIVE_COMPILATION_CONDITIONS = DEBUG;
				SWIFT_OPTIMIZATION_LEVEL = "-Onone";
			};
			name = Debug;
		};
		DB6995F41F02ED7B0093F955 /* Release */ = {
			isa = XCBuildConfiguration;
			buildSettings = {
				ALWAYS_SEARCH_USER_PATHS = NO;
				CLANG_ANALYZER_NONNULL = YES;
				CLANG_ANALYZER_NUMBER_OBJECT_CONVERSION = YES_AGGRESSIVE;
				CLANG_CXX_LANGUAGE_STANDARD = "gnu++0x";
				CLANG_CXX_LIBRARY = "libc++";
				CLANG_ENABLE_MODULES = YES;
				CLANG_ENABLE_OBJC_ARC = YES;
				CLANG_WARN_BOOL_CONVERSION = YES;
				CLANG_WARN_CONSTANT_CONVERSION = YES;
				CLANG_WARN_DIRECT_OBJC_ISA_USAGE = YES_ERROR;
				CLANG_WARN_DOCUMENTATION_COMMENTS = YES;
				CLANG_WARN_EMPTY_BODY = YES;
				CLANG_WARN_ENUM_CONVERSION = YES;
				CLANG_WARN_INFINITE_RECURSION = YES;
				CLANG_WARN_INT_CONVERSION = YES;
				CLANG_WARN_OBJC_ROOT_CLASS = YES_ERROR;
				CLANG_WARN_SUSPICIOUS_MOVE = YES;
				CLANG_WARN_UNREACHABLE_CODE = YES;
				CLANG_WARN__DUPLICATE_METHOD_MATCH = YES;
				"CODE_SIGN_IDENTITY[sdk=iphoneos*]" = "iPhone Developer";
				COPY_PHASE_STRIP = NO;
				DEBUG_INFORMATION_FORMAT = "dwarf-with-dsym";
				ENABLE_NS_ASSERTIONS = NO;
				ENABLE_STRICT_OBJC_MSGSEND = YES;
				GCC_C_LANGUAGE_STANDARD = gnu99;
				GCC_NO_COMMON_BLOCKS = YES;
				GCC_WARN_64_TO_32_BIT_CONVERSION = YES;
				GCC_WARN_ABOUT_RETURN_TYPE = YES_ERROR;
				GCC_WARN_UNDECLARED_SELECTOR = YES;
				GCC_WARN_UNINITIALIZED_AUTOS = YES_AGGRESSIVE;
				GCC_WARN_UNUSED_FUNCTION = YES;
				GCC_WARN_UNUSED_VARIABLE = YES;
				IPHONEOS_DEPLOYMENT_TARGET = 10.3;
				MTL_ENABLE_DEBUG_INFO = NO;
				SDKROOT = iphoneos;
				SWIFT_OPTIMIZATION_LEVEL = "-Owholemodule";
				VALIDATE_PRODUCT = YES;
			};
			name = Release;
		};
		DB6995F61F02ED7B0093F955 /* Debug */ = {
			isa = XCBuildConfiguration;
			baseConfigurationReference = 732971D2FDDA4F15D4C3BB7F /* Pods-test.debug.xcconfig */;
			buildSettings = {
				ASSETCATALOG_COMPILER_APPICON_NAME = AppIcon;
				DEVELOPMENT_TEAM = YA254K67W3;
				INFOPLIST_FILE = test/Info.plist;
				IPHONEOS_DEPLOYMENT_TARGET = 10.3;
				LD_RUNPATH_SEARCH_PATHS = "$(inherited) @executable_path/Frameworks";
				PRODUCT_BUNDLE_IDENTIFIER = idv.abc;
				PRODUCT_NAME = "$(TARGET_NAME)";
				SWIFT_VERSION = 3.0;
			};
			name = Debug;
		};
		DB6995F71F02ED7B0093F955 /* Release */ = {
			isa = XCBuildConfiguration;
			baseConfigurationReference = 0EFF6EBBE135B4BB7DAB1364 /* Pods-test.release.xcconfig */;
			buildSettings = {
				ASSETCATALOG_COMPILER_APPICON_NAME = AppIcon;
				DEVELOPMENT_TEAM = YA254K67W3;
				INFOPLIST_FILE = test/Info.plist;
				IPHONEOS_DEPLOYMENT_TARGET = 10.3;
				LD_RUNPATH_SEARCH_PATHS = "$(inherited) @executable_path/Frameworks";
				PRODUCT_BUNDLE_IDENTIFIER = idv.abc;
				PRODUCT_NAME = "$(TARGET_NAME)";
				SWIFT_VERSION = 3.0;
			};
			name = Release;
		};
/* End XCBuildConfiguration section */

/* Begin XCConfigurationList section */
		DB6995DE1F02ED7A0093F955 /* Build configuration list for PBXProject "test" */ = {
			isa = XCConfigurationList;
			buildConfigurations = (
				DB6995F31F02ED7B0093F955 /* Debug */,
				DB6995F41F02ED7B0093F955 /* Release */,
			);
			defaultConfigurationIsVisible = 0;
			defaultConfigurationName = Release;
		};
		DB6995F51F02ED7B0093F955 /* Build configuration list for PBXNativeTarget "twnationalexam" */ = {
			isa = XCConfigurationList;
			buildConfigurations = (
				DB6995F61F02ED7B0093F955 /* Debug */,
				DB6995F71F02ED7B0093F955 /* Release */,
			);
			defaultConfigurationIsVisible = 0;
			defaultConfigurationName = Release;
		};
/* End XCConfigurationList section */
	};
	rootObject = DB6995DB1F02ED7A0093F955 /* Project object */;
}
